<?xml version="1.0" encoding="UTF-8"?>
<Scheme
   LastUpgradeVersion = "1400"
   version = "1.3">
   <BuildAction
      parallelizeBuildables = "YES"
      buildImplicitDependencies = "NO">
      <BuildActionEntries>
         <BuildActionEntry
            buildForTesting = "YES"
            buildForRunning = "YES"
            buildForProfiling = "YES"
            buildForArchiving = "YES"
            buildForAnalyzing = "YES">
            <BuildableReference
               BuildableIdentifier = "primary"
               BlueprintIdentifier = "3873E59F2804C509000BCB03"
               BuildableName = "Phoenix.app"
               BlueprintName = "Phoenix"
               ReferencedContainer = "container:Phoenix.xcodeproj">
            </BuildableReference>
         </BuildActionEntry>
      </BuildActionEntries>
   </BuildAction>
   <TestAction
      buildConfiguration = "Debug"
      selectedDebuggerIdentifier = "Xcode.DebuggerFoundation.Debugger.LLDB"
      selectedLauncherIdentifier = "Xcode.DebuggerFoundation.Launcher.LLDB"
      shouldUseLaunchSchemeArgsEnv = "YES"
      codeCoverageEnabled = "YES"
      onlyGenerateCoverageForSpecifiedTargets = "YES">
      <CodeCoverageTargets>
         <BuildableReference
            BuildableIdentifier = "primary"
            BlueprintIdentifier = "PackageGenerator"
            BuildableName = "PackageGenerator"
            BlueprintName = "PackageGenerator"
            ReferencedContainer = "container:Modules/Generators/PackageGenerator">
         </BuildableReference>
         <BuildableReference
            BuildableIdentifier = "primary"
            BlueprintIdentifier = "PhoenixDocument"
            BuildableName = "PhoenixDocument"
            BlueprintName = "PhoenixDocument"
            ReferencedContainer = "container:Modules/Entities/PhoenixDocument">
         </BuildableReference>
         <BuildableReference
            BuildableIdentifier = "primary"
            BlueprintIdentifier = "SwiftPackage"
            BuildableName = "SwiftPackage"
            BlueprintName = "SwiftPackage"
            ReferencedContainer = "container:Modules/Entities/SwiftPackage">
         </BuildableReference>
         <BuildableReference
            BuildableIdentifier = "primary"
            BlueprintIdentifier = "ComponentDetailsProvider"
            BuildableName = "ComponentDetailsProvider"
            BlueprintName = "ComponentDetailsProvider"
            ReferencedContainer = "container:Modules/Providers/ComponentDetailsProvider">
         </BuildableReference>
         <BuildableReference
            BuildableIdentifier = "primary"
            BlueprintIdentifier = "3873E59F2804C509000BCB03"
            BuildableName = "Phoenix.app"
            BlueprintName = "Phoenix"
            ReferencedContainer = "container:Phoenix.xcodeproj">
         </BuildableReference>
         <BuildableReference
            BuildableIdentifier = "primary"
            BlueprintIdentifier = "AppVersionProvider"
            BuildableName = "AppVersionProvider"
            BlueprintName = "AppVersionProvider"
            ReferencedContainer = "container:Modules/Providers/AppVersionProvider">
         </BuildableReference>
         <BuildableReference
            BuildableIdentifier = "primary"
            BlueprintIdentifier = "GenerateFeature"
            BuildableName = "GenerateFeature"
            BlueprintName = "GenerateFeature"
            ReferencedContainer = "container:Modules/Features/GenerateFeature">
         </BuildableReference>
         <BuildableReference
            BuildableIdentifier = "primary"
            BlueprintIdentifier = "DemoAppFeature"
            BuildableName = "DemoAppFeature"
            BlueprintName = "DemoAppFeature"
            ReferencedContainer = "container:Modules/Features/DemoAppFeature">
         </BuildableReference>
         <BuildableReference
            BuildableIdentifier = "primary"
            BlueprintIdentifier = "ProjectGenerator"
            BuildableName = "ProjectGenerator"
            BlueprintName = "ProjectGenerator"
            ReferencedContainer = "container:Modules/Generators/ProjectGenerator">
         </BuildableReference>
         <BuildableReference
            BuildableIdentifier = "primary"
            BlueprintIdentifier = "RelativeURLProvider"
            BuildableName = "RelativeURLProvider"
            BlueprintName = "RelativeURLProvider"
            ReferencedContainer = "container:Modules/Providers/RelativeURLProvider">
         </BuildableReference>
         <BuildableReference
            BuildableIdentifier = "primary"
            BlueprintIdentifier = "PBXProjectSyncer"
            BuildableName = "PBXProjectSyncer"
            BlueprintName = "PBXProjectSyncer"
            ReferencedContainer = "container:Modules/Syncers/PBXProjectSyncer">
         </BuildableReference>
         <BuildableReference
            BuildableIdentifier = "primary"
            BlueprintIdentifier = "DocumentCoder"
            BuildableName = "DocumentCoder"
            BlueprintName = "DocumentCoder"
            ReferencedContainer = "container:Modules/Coders/DocumentCoder">
         </BuildableReference>
         <BuildableReference
            BuildableIdentifier = "primary"
            BlueprintIdentifier = "AccessibilityIdentifiers"
            BuildableName = "AccessibilityIdentifiers"
            BlueprintName = "AccessibilityIdentifiers"
            ReferencedContainer = "container:Modules/Support/AccessibilityIdentifiers">
         </BuildableReference>
         <BuildableReference
            BuildableIdentifier = "primary"
            BlueprintIdentifier = "PackageStringProvider"
            BuildableName = "PackageStringProvider"
            BlueprintName = "PackageStringProvider"
            ReferencedContainer = "container:Modules/Providers/PackageStringProvider">
         </BuildableReference>
         <BuildableReference
            BuildableIdentifier = "primary"
            BlueprintIdentifier = "DemoAppGenerator"
            BuildableName = "DemoAppGenerator"
            BlueprintName = "DemoAppGenerator"
            ReferencedContainer = "container:Modules/Generators/DemoAppGenerator">
         </BuildableReference>
      </CodeCoverageTargets>
      <Testables>
         <TestableReference
            skipped = "NO"
            parallelizable = "YES">
            <BuildableReference
               BuildableIdentifier = "primary"
               BlueprintIdentifier = "3873E5B32804C50A000BCB03"
               BuildableName = "PhoenixTests.xctest"
               BlueprintName = "PhoenixTests"
               ReferencedContainer = "container:Phoenix.xcodeproj">
            </BuildableReference>
         </TestableReference>
         <TestableReference
            skipped = "NO"
            parallelizable = "YES">
            <BuildableReference
               BuildableIdentifier = "primary"
               BlueprintIdentifier = "AppVersionProviderTests"
               BuildableName = "AppVersionProviderTests"
               BlueprintName = "AppVersionProviderTests"
               ReferencedContainer = "container:Modules/Providers/AppVersionProvider">
            </BuildableReference>
         </TestableReference>
         <TestableReference
            skipped = "NO"
            parallelizable = "YES">
            <BuildableReference
               BuildableIdentifier = "primary"
               BlueprintIdentifier = "DocumentCoderTests"
               BuildableName = "DocumentCoderTests"
               BlueprintName = "DocumentCoderTests"
               ReferencedContainer = "container:Modules/Coders/DocumentCoder">
            </BuildableReference>
         </TestableReference>
         <TestableReference
            skipped = "NO"
            parallelizable = "YES">
            <BuildableReference
               BuildableIdentifier = "primary"
               BlueprintIdentifier = "PhoenixDocumentTests"
               BuildableName = "PhoenixDocumentTests"
               BlueprintName = "PhoenixDocumentTests"
               ReferencedContainer = "container:Modules/Entities/PhoenixDocument">
            </BuildableReference>
         </TestableReference>
         <TestableReference
            skipped = "NO"
            parallelizable = "YES">
            <BuildableReference
               BuildableIdentifier = "primary"
               BlueprintIdentifier = "PackageStringProviderTests"
               BuildableName = "PackageStringProviderTests"
               BlueprintName = "PackageStringProviderTests"
               ReferencedContainer = "container:Modules/Providers/PackageStringProvider">
            </BuildableReference>
         </TestableReference>
         <TestableReference
            skipped = "NO"
            parallelizable = "YES">
            <BuildableReference
               BuildableIdentifier = "primary"
               BlueprintIdentifier = "DemoAppFeatureTests"
               BuildableName = "DemoAppFeatureTests"
               BlueprintName = "DemoAppFeatureTests"
               ReferencedContainer = "container:Modules/Features/DemoAppFeature">
            </BuildableReference>
         </TestableReference>
         <TestableReference
            skipped = "NO"
            parallelizable = "YES">
            <BuildableReference
               BuildableIdentifier = "primary"
               BlueprintIdentifier = "DemoAppGeneratorTests"
               BuildableName = "DemoAppGeneratorTests"
               BlueprintName = "DemoAppGeneratorTests"
               ReferencedContainer = "container:Modules/Generators/DemoAppGenerator">
            </BuildableReference>
         </TestableReference>
         <TestableReference
            skipped = "NO"
            parallelizable = "YES">
            <BuildableReference
               BuildableIdentifier = "primary"
               BlueprintIdentifier = "PackageGeneratorTests"
               BuildableName = "PackageGeneratorTests"
               BlueprintName = "PackageGeneratorTests"
               ReferencedContainer = "container:Modules/Generators/PackageGenerator">
            </BuildableReference>
         </TestableReference>
         <TestableReference
            skipped = "NO"
            parallelizable = "YES">
            <BuildableReference
               BuildableIdentifier = "primary"
               BlueprintIdentifier = "PBXProjectSyncerTests"
               BuildableName = "PBXProjectSyncerTests"
               BlueprintName = "PBXProjectSyncerTests"
               ReferencedContainer = "container:Modules/Syncers/PBXProjectSyncer">
            </BuildableReference>
         </TestableReference>
         <TestableReference
            skipped = "NO"
            parallelizable = "YES">
            <BuildableReference
               BuildableIdentifier = "primary"
               BlueprintIdentifier = "ProjectGeneratorTests"
               BuildableName = "ProjectGeneratorTests"
               BlueprintName = "ProjectGeneratorTests"
               ReferencedContainer = "container:Modules/Generators/ProjectGenerator">
            </BuildableReference>
         </TestableReference>
         <TestableReference
            skipped = "NO"
            parallelizable = "YES">
            <BuildableReference
               BuildableIdentifier = "primary"
               BlueprintIdentifier = "RelativeURLProviderTests"
               BuildableName = "RelativeURLProviderTests"
               BlueprintName = "RelativeURLProviderTests"
               ReferencedContainer = "container:Modules/Providers/RelativeURLProvider">
            </BuildableReference>
         </TestableReference>
         <TestableReference
            skipped = "NO"
            parallelizable = "YES">
            <BuildableReference
               BuildableIdentifier = "primary"
               BlueprintIdentifier = "SwiftPackageTests"
               BuildableName = "SwiftPackageTests"
               BlueprintName = "SwiftPackageTests"
               ReferencedContainer = "container:Modules/Entities/SwiftPackage">
            </BuildableReference>
         </TestableReference>
         <TestableReference
            skipped = "NO"
            parallelizable = "YES">
            <BuildableReference
               BuildableIdentifier = "primary"
               BlueprintIdentifier = "ComponentDetailsProviderTests"
               BuildableName = "ComponentDetailsProviderTests"
               BlueprintName = "ComponentDetailsProviderTests"
               ReferencedContainer = "container:Modules/Providers/ComponentDetailsProvider">
            </BuildableReference>
         </TestableReference>
         <TestableReference
            skipped = "NO"
            parallelizable = "YES">
            <BuildableReference
               BuildableIdentifier = "primary"
               BlueprintIdentifier = "GenerateFeatureTests"
               BuildableName = "GenerateFeatureTests"
               BlueprintName = "GenerateFeatureTests"
               ReferencedContainer = "container:Modules/Features/GenerateFeature">
            </BuildableReference>
         </TestableReference>
      </Testables>
   </TestAction>
   <LaunchAction
      buildConfiguration = "Debug"
      selectedDebuggerIdentifier = "Xcode.DebuggerFoundation.Debugger.LLDB"
      selectedLauncherIdentifier = "Xcode.DebuggerFoundation.Launcher.LLDB"
      launchStyle = "0"
      useCustomWorkingDirectory = "NO"
      ignoresPersistentStateOnLaunch = "NO"
      debugDocumentVersioning = "YES"
      debugServiceExtension = "internal"
      allowLocationSimulation = "YES">
      <BuildableProductRunnable
         runnableDebuggingMode = "0">
         <BuildableReference
            BuildableIdentifier = "primary"
            BlueprintIdentifier = "3873E59F2804C509000BCB03"
            BuildableName = "Phoenix.app"
            BlueprintName = "Phoenix"
            ReferencedContainer = "container:Phoenix.xcodeproj">
         </BuildableReference>
      </BuildableProductRunnable>
      <EnvironmentVariables>
         <EnvironmentVariable
            key = "release_destination"
            value = "github"
            isEnabled = "NO">
         </EnvironmentVariable>
      </EnvironmentVariables>
   </LaunchAction>
   <ProfileAction
      buildConfiguration = "Release"
      shouldUseLaunchSchemeArgsEnv = "YES"
      savedToolIdentifier = ""
      useCustomWorkingDirectory = "NO"
      debugDocumentVersioning = "YES">
      <BuildableProductRunnable
         runnableDebuggingMode = "0">
         <BuildableReference
            BuildableIdentifier = "primary"
            BlueprintIdentifier = "3873E59F2804C509000BCB03"
            BuildableName = "Phoenix.app"
            BlueprintName = "Phoenix"
            ReferencedContainer = "container:Phoenix.xcodeproj">
         </BuildableReference>
      </BuildableProductRunnable>
   </ProfileAction>
   <AnalyzeAction
      buildConfiguration = "Debug">
   </AnalyzeAction>
   <ArchiveAction
      buildConfiguration = "Release"
      revealArchiveInOrganizer = "YES">
   </ArchiveAction>
</Scheme>
