// !$*UTF8*$!
{
	archiveVersion = 1;
	classes = {
	};
	objectVersion = 55;
	objects = {

/* Begin PBXBuildFile section */
		3810D8CB2809811F006E7EE3 /* ComponentView.swift in Sources */ = {isa = PBXBuildFile; fileRef = 3810D8CA2809811F006E7EE3 /* ComponentView.swift */; };
		3810D8CD280990AF006E7EE3 /* ComponentsList.swift in Sources */ = {isa = PBXBuildFile; fileRef = 3810D8CC280990AF006E7EE3 /* ComponentsList.swift */; };
		3810D8CF28099B82006E7EE3 /* ComponentListItem.swift in Sources */ = {isa = PBXBuildFile; fileRef = 3810D8CE28099B82006E7EE3 /* ComponentListItem.swift */; };
		3810D8D32809C555006E7EE3 /* FamilyPopover.swift in Sources */ = {isa = PBXBuildFile; fileRef = 3810D8D22809C555006E7EE3 /* FamilyPopover.swift */; };
		3810D8DF280B4ADD006E7EE3 /* DependencyView.swift in Sources */ = {isa = PBXBuildFile; fileRef = 3810D8DE280B4ADD006E7EE3 /* DependencyView.swift */; };
		3873E5A42804C509000BCB03 /* PhoenixApp.swift in Sources */ = {isa = PBXBuildFile; fileRef = 3873E5A32804C509000BCB03 /* PhoenixApp.swift */; };
		3873E5A62804C509000BCB03 /* PhoenixDocument.swift in Sources */ = {isa = PBXBuildFile; fileRef = 3873E5A52804C509000BCB03 /* PhoenixDocument.swift */; };
		3873E5A82804C509000BCB03 /* ContentView.swift in Sources */ = {isa = PBXBuildFile; fileRef = 3873E5A72804C509000BCB03 /* ContentView.swift */; };
		3873E5AA2804C50A000BCB03 /* Assets.xcassets in Resources */ = {isa = PBXBuildFile; fileRef = 3873E5A92804C50A000BCB03 /* Assets.xcassets */; };
		3873E5AD2804C50A000BCB03 /* Preview Assets.xcassets in Resources */ = {isa = PBXBuildFile; fileRef = 3873E5AC2804C50A000BCB03 /* Preview Assets.xcassets */; };
		3873E5B92804C50A000BCB03 /* PhoenixTests.swift in Sources */ = {isa = PBXBuildFile; fileRef = 3873E5B82804C50A000BCB03 /* PhoenixTests.swift */; };
		38C7D13B2808864700E2675B /* Package in Frameworks */ = {isa = PBXBuildFile; productRef = 38C7D13A2808864700E2675B /* Package */; };
		38C7D1492808B35300E2675B /* NewComponentPopover.swift in Sources */ = {isa = PBXBuildFile; fileRef = 38C7D1482808B35300E2675B /* NewComponentPopover.swift */; };
		38E0B2FA2815702E00B5992D /* ComponentDependenciesPopover.swift in Sources */ = {isa = PBXBuildFile; fileRef = 38E0B2F92815702E00B5992D /* ComponentDependenciesPopover.swift */; };
		38E0B2FD2815766E00B5992D /* PhoenixDocumentStore.swift in Sources */ = {isa = PBXBuildFile; fileRef = 38E0B2FC2815766E00B5992D /* PhoenixDocumentStore.swift */; };
		38E0B2FF2815CC7D00B5992D /* RemoteDependencyView.swift in Sources */ = {isa = PBXBuildFile; fileRef = 38E0B2FE2815CC7D00B5992D /* RemoteDependencyView.swift */; };
		38F73EB7280DC0DB00D6A85D /* PackageGenerator.swift in Sources */ = {isa = PBXBuildFile; fileRef = 38F73EB6280DC0DB00D6A85D /* PackageGenerator.swift */; };
/* End PBXBuildFile section */

/* Begin PBXContainerItemProxy section */
		3873E5B52804C50A000BCB03 /* PBXContainerItemProxy */ = {
			isa = PBXContainerItemProxy;
			containerPortal = 3873E5982804C509000BCB03 /* Project object */;
			proxyType = 1;
			remoteGlobalIDString = 3873E59F2804C509000BCB03;
			remoteInfo = Phoenix;
		};
/* End PBXContainerItemProxy section */

/* Begin PBXCopyFilesBuildPhase section */
		38C7D139280884B000E2675B /* Embed Frameworks */ = {
			isa = PBXCopyFilesBuildPhase;
			buildActionMask = 2147483647;
			dstPath = "";
			dstSubfolderSpec = 10;
			files = (
			);
			name = "Embed Frameworks";
			runOnlyForDeploymentPostprocessing = 0;
		};
/* End PBXCopyFilesBuildPhase section */

/* Begin PBXFileReference section */
		3810D8CA2809811F006E7EE3 /* ComponentView.swift */ = {isa = PBXFileReference; lastKnownFileType = sourcecode.swift; path = ComponentView.swift; sourceTree = "<group>"; };
		3810D8CC280990AF006E7EE3 /* ComponentsList.swift */ = {isa = PBXFileReference; lastKnownFileType = sourcecode.swift; path = ComponentsList.swift; sourceTree = "<group>"; };
		3810D8CE28099B82006E7EE3 /* ComponentListItem.swift */ = {isa = PBXFileReference; lastKnownFileType = sourcecode.swift; path = ComponentListItem.swift; sourceTree = "<group>"; };
		3810D8D22809C555006E7EE3 /* FamilyPopover.swift */ = {isa = PBXFileReference; lastKnownFileType = sourcecode.swift; path = FamilyPopover.swift; sourceTree = "<group>"; };
		3810D8DE280B4ADD006E7EE3 /* DependencyView.swift */ = {isa = PBXFileReference; lastKnownFileType = sourcecode.swift; path = DependencyView.swift; sourceTree = "<group>"; };
		3873E5A02804C509000BCB03 /* Phoenix.app */ = {isa = PBXFileReference; explicitFileType = wrapper.application; includeInIndex = 0; path = Phoenix.app; sourceTree = BUILT_PRODUCTS_DIR; };
		3873E5A32804C509000BCB03 /* PhoenixApp.swift */ = {isa = PBXFileReference; lastKnownFileType = sourcecode.swift; path = PhoenixApp.swift; sourceTree = "<group>"; };
		3873E5A52804C509000BCB03 /* PhoenixDocument.swift */ = {isa = PBXFileReference; lastKnownFileType = sourcecode.swift; path = PhoenixDocument.swift; sourceTree = "<group>"; };
		3873E5A72804C509000BCB03 /* ContentView.swift */ = {isa = PBXFileReference; lastKnownFileType = sourcecode.swift; path = ContentView.swift; sourceTree = "<group>"; };
		3873E5A92804C50A000BCB03 /* Assets.xcassets */ = {isa = PBXFileReference; lastKnownFileType = folder.assetcatalog; path = Assets.xcassets; sourceTree = "<group>"; };
		3873E5AC2804C50A000BCB03 /* Preview Assets.xcassets */ = {isa = PBXFileReference; lastKnownFileType = folder.assetcatalog; path = "Preview Assets.xcassets"; sourceTree = "<group>"; };
		3873E5AE2804C50A000BCB03 /* Info.plist */ = {isa = PBXFileReference; lastKnownFileType = text.plist.xml; path = Info.plist; sourceTree = "<group>"; };
		3873E5AF2804C50A000BCB03 /* Phoenix.entitlements */ = {isa = PBXFileReference; lastKnownFileType = text.plist.entitlements; path = Phoenix.entitlements; sourceTree = "<group>"; };
		3873E5B42804C50A000BCB03 /* PhoenixTests.xctest */ = {isa = PBXFileReference; explicitFileType = wrapper.cfbundle; includeInIndex = 0; path = PhoenixTests.xctest; sourceTree = BUILT_PRODUCTS_DIR; };
		3873E5B82804C50A000BCB03 /* PhoenixTests.swift */ = {isa = PBXFileReference; lastKnownFileType = sourcecode.swift; path = PhoenixTests.swift; sourceTree = "<group>"; };
		38C7D13428087FA800E2675B /* Package */ = {isa = PBXFileReference; lastKnownFileType = wrapper; path = Package; sourceTree = "<group>"; };
		38C7D1482808B35300E2675B /* NewComponentPopover.swift */ = {isa = PBXFileReference; lastKnownFileType = sourcecode.swift; path = NewComponentPopover.swift; sourceTree = "<group>"; };
		38E0B2F92815702E00B5992D /* ComponentDependenciesPopover.swift */ = {isa = PBXFileReference; lastKnownFileType = sourcecode.swift; path = ComponentDependenciesPopover.swift; sourceTree = "<group>"; };
		38E0B2FC2815766E00B5992D /* PhoenixDocumentStore.swift */ = {isa = PBXFileReference; lastKnownFileType = sourcecode.swift; path = PhoenixDocumentStore.swift; sourceTree = "<group>"; };
		38E0B2FE2815CC7D00B5992D /* RemoteDependencyView.swift */ = {isa = PBXFileReference; lastKnownFileType = sourcecode.swift; path = RemoteDependencyView.swift; sourceTree = "<group>"; };
		38F73EB6280DC0DB00D6A85D /* PackageGenerator.swift */ = {isa = PBXFileReference; lastKnownFileType = sourcecode.swift; path = PackageGenerator.swift; sourceTree = "<group>"; };
/* End PBXFileReference section */

/* Begin PBXFrameworksBuildPhase section */
		3873E59D2804C509000BCB03 /* Frameworks */ = {
			isa = PBXFrameworksBuildPhase;
			buildActionMask = 2147483647;
			files = (
				38C7D13B2808864700E2675B /* Package in Frameworks */,
			);
			runOnlyForDeploymentPostprocessing = 0;
		};
		3873E5B12804C50A000BCB03 /* Frameworks */ = {
			isa = PBXFrameworksBuildPhase;
			buildActionMask = 2147483647;
			files = (
			);
			runOnlyForDeploymentPostprocessing = 0;
		};
/* End PBXFrameworksBuildPhase section */

/* Begin PBXGroup section */
		3873E5972804C509000BCB03 = {
			isa = PBXGroup;
			children = (
				38BA7BB32804C58E00BE3B9F /* Modules */,
				3873E5A22804C509000BCB03 /* Phoenix */,
				3873E5B72804C50A000BCB03 /* PhoenixTests */,
				3873E5A12804C509000BCB03 /* Products */,
				38C7D135280884B000E2675B /* Frameworks */,
			);
			sourceTree = "<group>";
		};
		3873E5A12804C509000BCB03 /* Products */ = {
			isa = PBXGroup;
			children = (
				3873E5A02804C509000BCB03 /* Phoenix.app */,
				3873E5B42804C50A000BCB03 /* PhoenixTests.xctest */,
			);
			name = Products;
			sourceTree = "<group>";
		};
		3873E5A22804C509000BCB03 /* Phoenix */ = {
			isa = PBXGroup;
			children = (
				38E0B2FB2815765E00B5992D /* DataStore */,
				3873E5A92804C50A000BCB03 /* Assets.xcassets */,
				38C7D144280888E800E2675B /* Views */,
				3873E5AE2804C50A000BCB03 /* Info.plist */,
				38C7D1452808AE8500E2675B /* Generator */,
				3873E5AF2804C50A000BCB03 /* Phoenix.entitlements */,
				3873E5A32804C509000BCB03 /* PhoenixApp.swift */,
				3873E5A52804C509000BCB03 /* PhoenixDocument.swift */,
				3873E5AB2804C50A000BCB03 /* Preview Content */,
			);
			path = Phoenix;
			sourceTree = "<group>";
		};
		3873E5AB2804C50A000BCB03 /* Preview Content */ = {
			isa = PBXGroup;
			children = (
				3873E5AC2804C50A000BCB03 /* Preview Assets.xcassets */,
			);
			path = "Preview Content";
			sourceTree = "<group>";
		};
		3873E5B72804C50A000BCB03 /* PhoenixTests */ = {
			isa = PBXGroup;
			children = (
				3873E5B82804C50A000BCB03 /* PhoenixTests.swift */,
			);
			path = PhoenixTests;
			sourceTree = "<group>";
		};
		38BA7BB32804C58E00BE3B9F /* Modules */ = {
			isa = PBXGroup;
			children = (
				38BA7BB42804C59500BE3B9F /* Entities */,
			);
			path = Modules;
			sourceTree = "<group>";
		};
		38BA7BB42804C59500BE3B9F /* Entities */ = {
			isa = PBXGroup;
			children = (
				38C7D13428087FA800E2675B /* Package */,
			);
			path = Entities;
			sourceTree = "<group>";
		};
		38C7D135280884B000E2675B /* Frameworks */ = {
			isa = PBXGroup;
			children = (
			);
			name = Frameworks;
			sourceTree = "<group>";
		};
		38C7D144280888E800E2675B /* Views */ = {
			isa = PBXGroup;
			children = (
				38E0B2FE2815CC7D00B5992D /* RemoteDependencyView.swift */,
				38E0B2F92815702E00B5992D /* ComponentDependenciesPopover.swift */,
				3810D8CE28099B82006E7EE3 /* ComponentListItem.swift */,
				3810D8CC280990AF006E7EE3 /* ComponentsList.swift */,
				3810D8CA2809811F006E7EE3 /* ComponentView.swift */,
				3873E5A72804C509000BCB03 /* ContentView.swift */,
				3810D8DE280B4ADD006E7EE3 /* DependencyView.swift */,
				3810D8D22809C555006E7EE3 /* FamilyPopover.swift */,
				38C7D1482808B35300E2675B /* NewComponentPopover.swift */,
			);
			path = Views;
			sourceTree = "<group>";
		};
		38C7D1452808AE8500E2675B /* Generator */ = {
			isa = PBXGroup;
			children = (
				38F73EB6280DC0DB00D6A85D /* PackageGenerator.swift */,
			);
			path = Generator;
			sourceTree = "<group>";
		};
		38E0B2FB2815765E00B5992D /* DataStore */ = {
			isa = PBXGroup;
			children = (
				38E0B2FC2815766E00B5992D /* PhoenixDocumentStore.swift */,
			);
			path = DataStore;
			sourceTree = "<group>";
		};
/* End PBXGroup section */

/* Begin PBXNativeTarget section */
		3873E59F2804C509000BCB03 /* Phoenix */ = {
			isa = PBXNativeTarget;
			buildConfigurationList = 3873E5C82804C50A000BCB03 /* Build configuration list for PBXNativeTarget "Phoenix" */;
			buildPhases = (
				3873E59C2804C509000BCB03 /* Sources */,
				3873E59D2804C509000BCB03 /* Frameworks */,
				3873E59E2804C509000BCB03 /* Resources */,
				38C7D139280884B000E2675B /* Embed Frameworks */,
			);
			buildRules = (
			);
			dependencies = (
			);
			name = Phoenix;
			packageProductDependencies = (
				38C7D13A2808864700E2675B /* Package */,
			);
			productName = Phoenix;
			productReference = 3873E5A02804C509000BCB03 /* Phoenix.app */;
			productType = "com.apple.product-type.application";
		};
		3873E5B32804C50A000BCB03 /* PhoenixTests */ = {
			isa = PBXNativeTarget;
			buildConfigurationList = 3873E5CB2804C50A000BCB03 /* Build configuration list for PBXNativeTarget "PhoenixTests" */;
			buildPhases = (
				3873E5B02804C50A000BCB03 /* Sources */,
				3873E5B12804C50A000BCB03 /* Frameworks */,
				3873E5B22804C50A000BCB03 /* Resources */,
			);
			buildRules = (
			);
			dependencies = (
				3873E5B62804C50A000BCB03 /* PBXTargetDependency */,
			);
			name = PhoenixTests;
			productName = PhoenixTests;
			productReference = 3873E5B42804C50A000BCB03 /* PhoenixTests.xctest */;
			productType = "com.apple.product-type.bundle.unit-test";
		};
/* End PBXNativeTarget section */

/* Begin PBXProject section */
		3873E5982804C509000BCB03 /* Project object */ = {
			isa = PBXProject;
			attributes = {
				BuildIndependentTargetsInParallel = 1;
				LastSwiftUpdateCheck = 1330;
				LastUpgradeCheck = 1330;
				TargetAttributes = {
					3873E59F2804C509000BCB03 = {
						CreatedOnToolsVersion = 13.3;
					};
					3873E5B32804C50A000BCB03 = {
						CreatedOnToolsVersion = 13.3;
						TestTargetID = 3873E59F2804C509000BCB03;
					};
				};
			};
			buildConfigurationList = 3873E59B2804C509000BCB03 /* Build configuration list for PBXProject "Phoenix" */;
			compatibilityVersion = "Xcode 13.0";
			developmentRegion = en;
			hasScannedForEncodings = 0;
			knownRegions = (
				en,
				Base,
			);
			mainGroup = 3873E5972804C509000BCB03;
			packageReferences = (
			);
			productRefGroup = 3873E5A12804C509000BCB03 /* Products */;
			projectDirPath = "";
			projectRoot = "";
			targets = (
				3873E59F2804C509000BCB03 /* Phoenix */,
				3873E5B32804C50A000BCB03 /* PhoenixTests */,
			);
		};
/* End PBXProject section */

/* Begin PBXResourcesBuildPhase section */
		3873E59E2804C509000BCB03 /* Resources */ = {
			isa = PBXResourcesBuildPhase;
			buildActionMask = 2147483647;
			files = (
				3873E5AD2804C50A000BCB03 /* Preview Assets.xcassets in Resources */,
				3873E5AA2804C50A000BCB03 /* Assets.xcassets in Resources */,
			);
			runOnlyForDeploymentPostprocessing = 0;
		};
		3873E5B22804C50A000BCB03 /* Resources */ = {
			isa = PBXResourcesBuildPhase;
			buildActionMask = 2147483647;
			files = (
			);
			runOnlyForDeploymentPostprocessing = 0;
		};
/* End PBXResourcesBuildPhase section */

/* Begin PBXSourcesBuildPhase section */
		3873E59C2804C509000BCB03 /* Sources */ = {
			isa = PBXSourcesBuildPhase;
			buildActionMask = 2147483647;
			files = (
				38E0B2FD2815766E00B5992D /* PhoenixDocumentStore.swift in Sources */,
				38E0B2FF2815CC7D00B5992D /* RemoteDependencyView.swift in Sources */,
				3810D8D32809C555006E7EE3 /* FamilyPopover.swift in Sources */,
				3810D8CF28099B82006E7EE3 /* ComponentListItem.swift in Sources */,
				3873E5A62804C509000BCB03 /* PhoenixDocument.swift in Sources */,
				3873E5A42804C509000BCB03 /* PhoenixApp.swift in Sources */,
				3810D8DF280B4ADD006E7EE3 /* DependencyView.swift in Sources */,
				3810D8CB2809811F006E7EE3 /* ComponentView.swift in Sources */,
				38F73EB7280DC0DB00D6A85D /* PackageGenerator.swift in Sources */,
				3873E5A82804C509000BCB03 /* ContentView.swift in Sources */,
				38E0B2FA2815702E00B5992D /* ComponentDependenciesPopover.swift in Sources */,
				38C7D1492808B35300E2675B /* NewComponentPopover.swift in Sources */,
				3810D8CD280990AF006E7EE3 /* ComponentsList.swift in Sources */,
			);
			runOnlyForDeploymentPostprocessing = 0;
		};
		3873E5B02804C50A000BCB03 /* Sources */ = {
			isa = PBXSourcesBuildPhase;
			buildActionMask = 2147483647;
			files = (
				3873E5B92804C50A000BCB03 /* PhoenixTests.swift in Sources */,
			);
			runOnlyForDeploymentPostprocessing = 0;
		};
/* End PBXSourcesBuildPhase section */

/* Begin PBXTargetDependency section */
		3873E5B62804C50A000BCB03 /* PBXTargetDependency */ = {
			isa = PBXTargetDependency;
			target = 3873E59F2804C509000BCB03 /* Phoenix */;
			targetProxy = 3873E5B52804C50A000BCB03 /* PBXContainerItemProxy */;
		};
/* End PBXTargetDependency section */

/* Begin XCBuildConfiguration section */
		3873E5C62804C50A000BCB03 /* Debug */ = {
			isa = XCBuildConfiguration;
			buildSettings = {
				ALWAYS_SEARCH_USER_PATHS = NO;
				CLANG_ANALYZER_NONNULL = YES;
				CLANG_ANALYZER_NUMBER_OBJECT_CONVERSION = YES_AGGRESSIVE;
				CLANG_CXX_LANGUAGE_STANDARD = "gnu++17";
				CLANG_ENABLE_MODULES = YES;
				CLANG_ENABLE_OBJC_ARC = YES;
				CLANG_ENABLE_OBJC_WEAK = YES;
				CLANG_WARN_BLOCK_CAPTURE_AUTORELEASING = YES;
				CLANG_WARN_BOOL_CONVERSION = YES;
				CLANG_WARN_COMMA = YES;
				CLANG_WARN_CONSTANT_CONVERSION = YES;
				CLANG_WARN_DEPRECATED_OBJC_IMPLEMENTATIONS = YES;
				CLANG_WARN_DIRECT_OBJC_ISA_USAGE = YES_ERROR;
				CLANG_WARN_DOCUMENTATION_COMMENTS = YES;
				CLANG_WARN_EMPTY_BODY = YES;
				CLANG_WARN_ENUM_CONVERSION = YES;
				CLANG_WARN_INFINITE_RECURSION = YES;
				CLANG_WARN_INT_CONVERSION = YES;
				CLANG_WARN_NON_LITERAL_NULL_CONVERSION = YES;
				CLANG_WARN_OBJC_IMPLICIT_RETAIN_SELF = YES;
				CLANG_WARN_OBJC_LITERAL_CONVERSION = YES;
				CLANG_WARN_OBJC_ROOT_CLASS = YES_ERROR;
				CLANG_WARN_QUOTED_INCLUDE_IN_FRAMEWORK_HEADER = YES;
				CLANG_WARN_RANGE_LOOP_ANALYSIS = YES;
				CLANG_WARN_STRICT_PROTOTYPES = YES;
				CLANG_WARN_SUSPICIOUS_MOVE = YES;
				CLANG_WARN_UNGUARDED_AVAILABILITY = YES_AGGRESSIVE;
				CLANG_WARN_UNREACHABLE_CODE = YES;
				CLANG_WARN__DUPLICATE_METHOD_MATCH = YES;
				COPY_PHASE_STRIP = NO;
				DEBUG_INFORMATION_FORMAT = dwarf;
				ENABLE_STRICT_OBJC_MSGSEND = YES;
				ENABLE_TESTABILITY = YES;
				GCC_C_LANGUAGE_STANDARD = gnu11;
				GCC_DYNAMIC_NO_PIC = NO;
				GCC_NO_COMMON_BLOCKS = YES;
				GCC_OPTIMIZATION_LEVEL = 0;
				GCC_PREPROCESSOR_DEFINITIONS = (
					"DEBUG=1",
					"$(inherited)",
				);
				GCC_WARN_64_TO_32_BIT_CONVERSION = YES;
				GCC_WARN_ABOUT_RETURN_TYPE = YES_ERROR;
				GCC_WARN_UNDECLARED_SELECTOR = YES;
				GCC_WARN_UNINITIALIZED_AUTOS = YES_AGGRESSIVE;
				GCC_WARN_UNUSED_FUNCTION = YES;
				GCC_WARN_UNUSED_VARIABLE = YES;
				MACOSX_DEPLOYMENT_TARGET = 12.3;
				MTL_ENABLE_DEBUG_INFO = INCLUDE_SOURCE;
				MTL_FAST_MATH = YES;
				ONLY_ACTIVE_ARCH = YES;
				SDKROOT = macosx;
				SWIFT_ACTIVE_COMPILATION_CONDITIONS = DEBUG;
				SWIFT_OPTIMIZATION_LEVEL = "-Onone";
			};
			name = Debug;
		};
		3873E5C72804C50A000BCB03 /* Release */ = {
			isa = XCBuildConfiguration;
			buildSettings = {
				ALWAYS_SEARCH_USER_PATHS = NO;
				CLANG_ANALYZER_NONNULL = YES;
				CLANG_ANALYZER_NUMBER_OBJECT_CONVERSION = YES_AGGRESSIVE;
				CLANG_CXX_LANGUAGE_STANDARD = "gnu++17";
				CLANG_ENABLE_MODULES = YES;
				CLANG_ENABLE_OBJC_ARC = YES;
				CLANG_ENABLE_OBJC_WEAK = YES;
				CLANG_WARN_BLOCK_CAPTURE_AUTORELEASING = YES;
				CLANG_WARN_BOOL_CONVERSION = YES;
				CLANG_WARN_COMMA = YES;
				CLANG_WARN_CONSTANT_CONVERSION = YES;
				CLANG_WARN_DEPRECATED_OBJC_IMPLEMENTATIONS = YES;
				CLANG_WARN_DIRECT_OBJC_ISA_USAGE = YES_ERROR;
				CLANG_WARN_DOCUMENTATION_COMMENTS = YES;
				CLANG_WARN_EMPTY_BODY = YES;
				CLANG_WARN_ENUM_CONVERSION = YES;
				CLANG_WARN_INFINITE_RECURSION = YES;
				CLANG_WARN_INT_CONVERSION = YES;
				CLANG_WARN_NON_LITERAL_NULL_CONVERSION = YES;
				CLANG_WARN_OBJC_IMPLICIT_RETAIN_SELF = YES;
				CLANG_WARN_OBJC_LITERAL_CONVERSION = YES;
				CLANG_WARN_OBJC_ROOT_CLASS = YES_ERROR;
				CLANG_WARN_QUOTED_INCLUDE_IN_FRAMEWORK_HEADER = YES;
				CLANG_WARN_RANGE_LOOP_ANALYSIS = YES;
				CLANG_WARN_STRICT_PROTOTYPES = YES;
				CLANG_WARN_SUSPICIOUS_MOVE = YES;
				CLANG_WARN_UNGUARDED_AVAILABILITY = YES_AGGRESSIVE;
				CLANG_WARN_UNREACHABLE_CODE = YES;
				CLANG_WARN__DUPLICATE_METHOD_MATCH = YES;
				COPY_PHASE_STRIP = NO;
				DEBUG_INFORMATION_FORMAT = "dwarf-with-dsym";
				ENABLE_NS_ASSERTIONS = NO;
				ENABLE_STRICT_OBJC_MSGSEND = YES;
				GCC_C_LANGUAGE_STANDARD = gnu11;
				GCC_NO_COMMON_BLOCKS = YES;
				GCC_WARN_64_TO_32_BIT_CONVERSION = YES;
				GCC_WARN_ABOUT_RETURN_TYPE = YES_ERROR;
				GCC_WARN_UNDECLARED_SELECTOR = YES;
				GCC_WARN_UNINITIALIZED_AUTOS = YES_AGGRESSIVE;
				GCC_WARN_UNUSED_FUNCTION = YES;
				GCC_WARN_UNUSED_VARIABLE = YES;
				MACOSX_DEPLOYMENT_TARGET = 12.3;
				MTL_ENABLE_DEBUG_INFO = NO;
				MTL_FAST_MATH = YES;
				SDKROOT = macosx;
				SWIFT_COMPILATION_MODE = wholemodule;
				SWIFT_OPTIMIZATION_LEVEL = "-O";
			};
			name = Release;
		};
		3873E5C92804C50A000BCB03 /* Debug */ = {
			isa = XCBuildConfiguration;
			buildSettings = {
				ASSETCATALOG_COMPILER_APPICON_NAME = AppIcon;
				ASSETCATALOG_COMPILER_GLOBAL_ACCENT_COLOR_NAME = AccentColor;
				ASSETCATALOG_COMPILER_INCLUDE_ALL_APPICON_ASSETS = YES;
				CODE_SIGN_ENTITLEMENTS = Phoenix/Phoenix.entitlements;
				CODE_SIGN_STYLE = Automatic;
				COMBINE_HIDPI_IMAGES = YES;
				CURRENT_PROJECT_VERSION = 1;
				DEVELOPMENT_ASSET_PATHS = "\"Phoenix/Preview Content\"";
				DEVELOPMENT_TEAM = DWW2N9PN49;
				ENABLE_HARDENED_RUNTIME = YES;
				ENABLE_PREVIEWS = YES;
				GENERATE_INFOPLIST_FILE = YES;
				INFOPLIST_FILE = Phoenix/Info.plist;
				INFOPLIST_KEY_LSApplicationCategoryType = "public.app-category.developer-tools";
				INFOPLIST_KEY_NSHumanReadableCopyright = "";
				LD_RUNPATH_SEARCH_PATHS = (
					"$(inherited)",
					"@executable_path/../Frameworks",
				);
				MARKETING_VERSION = 1.0;
				PRODUCT_BUNDLE_IDENTIFIER = com.tawanicolas.Phoenix;
				PRODUCT_NAME = "$(TARGET_NAME)";
				SWIFT_EMIT_LOC_STRINGS = YES;
				SWIFT_VERSION = 5.0;
			};
			name = Debug;
		};
		3873E5CA2804C50A000BCB03 /* Release */ = {
			isa = XCBuildConfiguration;
			buildSettings = {
				ASSETCATALOG_COMPILER_APPICON_NAME = AppIcon;
				ASSETCATALOG_COMPILER_GLOBAL_ACCENT_COLOR_NAME = AccentColor;
				ASSETCATALOG_COMPILER_INCLUDE_ALL_APPICON_ASSETS = YES;
				CODE_SIGN_ENTITLEMENTS = Phoenix/Phoenix.entitlements;
				CODE_SIGN_STYLE = Automatic;
				COMBINE_HIDPI_IMAGES = YES;
				CURRENT_PROJECT_VERSION = 1;
				DEVELOPMENT_ASSET_PATHS = "\"Phoenix/Preview Content\"";
				DEVELOPMENT_TEAM = DWW2N9PN49;
				ENABLE_HARDENED_RUNTIME = YES;
				ENABLE_PREVIEWS = YES;
				GENERATE_INFOPLIST_FILE = YES;
				INFOPLIST_FILE = Phoenix/Info.plist;
				INFOPLIST_KEY_LSApplicationCategoryType = "public.app-category.developer-tools";
				INFOPLIST_KEY_NSHumanReadableCopyright = "";
				LD_RUNPATH_SEARCH_PATHS = (
					"$(inherited)",
					"@executable_path/../Frameworks",
				);
				MARKETING_VERSION = 1.0;
				PRODUCT_BUNDLE_IDENTIFIER = com.tawanicolas.Phoenix;
				PRODUCT_NAME = "$(TARGET_NAME)";
				SWIFT_EMIT_LOC_STRINGS = YES;
				SWIFT_VERSION = 5.0;
			};
			name = Release;
		};
		3873E5CC2804C50A000BCB03 /* Debug */ = {
			isa = XCBuildConfiguration;
			buildSettings = {
				ALWAYS_EMBED_SWIFT_STANDARD_LIBRARIES = YES;
				BUNDLE_LOADER = "$(TEST_HOST)";
				CODE_SIGN_STYLE = Automatic;
				CURRENT_PROJECT_VERSION = 1;
				DEVELOPMENT_TEAM = DWW2N9PN49;
				GENERATE_INFOPLIST_FILE = YES;
				MACOSX_DEPLOYMENT_TARGET = 12.3;
				MARKETING_VERSION = 1.0;
				PRODUCT_BUNDLE_IDENTIFIER = com.tawanicolas.PhoenixTests;
				PRODUCT_NAME = "$(TARGET_NAME)";
				SWIFT_EMIT_LOC_STRINGS = NO;
				SWIFT_VERSION = 5.0;
				TEST_HOST = "$(BUILT_PRODUCTS_DIR)/Phoenix.app/Contents/MacOS/Phoenix";
			};
			name = Debug;
		};
		3873E5CD2804C50A000BCB03 /* Release */ = {
			isa = XCBuildConfiguration;
			buildSettings = {
				ALWAYS_EMBED_SWIFT_STANDARD_LIBRARIES = YES;
				BUNDLE_LOADER = "$(TEST_HOST)";
				CODE_SIGN_STYLE = Automatic;
				CURRENT_PROJECT_VERSION = 1;
				DEVELOPMENT_TEAM = DWW2N9PN49;
				GENERATE_INFOPLIST_FILE = YES;
				MACOSX_DEPLOYMENT_TARGET = 12.3;
				MARKETING_VERSION = 1.0;
				PRODUCT_BUNDLE_IDENTIFIER = com.tawanicolas.PhoenixTests;
				PRODUCT_NAME = "$(TARGET_NAME)";
				SWIFT_EMIT_LOC_STRINGS = NO;
				SWIFT_VERSION = 5.0;
				TEST_HOST = "$(BUILT_PRODUCTS_DIR)/Phoenix.app/Contents/MacOS/Phoenix";
			};
			name = Release;
		};
/* End XCBuildConfiguration section */

/* Begin XCConfigurationList section */
		3873E59B2804C509000BCB03 /* Build configuration list for PBXProject "Phoenix" */ = {
			isa = XCConfigurationList;
			buildConfigurations = (
				3873E5C62804C50A000BCB03 /* Debug */,
				3873E5C72804C50A000BCB03 /* Release */,
			);
			defaultConfigurationIsVisible = 0;
			defaultConfigurationName = Release;
		};
		3873E5C82804C50A000BCB03 /* Build configuration list for PBXNativeTarget "Phoenix" */ = {
			isa = XCConfigurationList;
			buildConfigurations = (
				3873E5C92804C50A000BCB03 /* Debug */,
				3873E5CA2804C50A000BCB03 /* Release */,
			);
			defaultConfigurationIsVisible = 0;
			defaultConfigurationName = Release;
		};
		3873E5CB2804C50A000BCB03 /* Build configuration list for PBXNativeTarget "PhoenixTests" */ = {
			isa = XCConfigurationList;
			buildConfigurations = (
				3873E5CC2804C50A000BCB03 /* Debug */,
				3873E5CD2804C50A000BCB03 /* Release */,
			);
			defaultConfigurationIsVisible = 0;
			defaultConfigurationName = Release;
		};
/* End XCConfigurationList section */

/* Begin XCSwiftPackageProductDependency section */
		38C7D13A2808864700E2675B /* Package */ = {
			isa = XCSwiftPackageProductDependency;
			productName = Package;
		};
/* End XCSwiftPackageProductDependency section */
	};
	rootObject = 3873E5982804C509000BCB03 /* Project object */;
}
