// !$*UTF8*$!
{
	archiveVersion = 1;
	classes = {
	};
	objectVersion = 55;
	objects = {

/* Begin PBXBuildFile section */
		3810D8CB2809811F006E7EE3 /* ComponentView.swift in Sources */ = {isa = PBXBuildFile; fileRef = 3810D8CA2809811F006E7EE3 /* ComponentView.swift */; };
		3810D8CD280990AF006E7EE3 /* ComponentsList.swift in Sources */ = {isa = PBXBuildFile; fileRef = 3810D8CC280990AF006E7EE3 /* ComponentsList.swift */; };
		3810D8CF28099B82006E7EE3 /* ComponentListItem.swift in Sources */ = {isa = PBXBuildFile; fileRef = 3810D8CE28099B82006E7EE3 /* ComponentListItem.swift */; };
		3810D8D32809C555006E7EE3 /* FamilySheet.swift in Sources */ = {isa = PBXBuildFile; fileRef = 3810D8D22809C555006E7EE3 /* FamilySheet.swift */; };
		381855762819CACD00BF6696 /* ResourcesView.swift in Sources */ = {isa = PBXBuildFile; fileRef = 381855752819CACD00BF6696 /* ResourcesView.swift */; };
		3853D2002839320B005E2FAE /* IdentifiableWithSubtypeAndValue.swift in Sources */ = {isa = PBXBuildFile; fileRef = 3853D1FF2839320B005E2FAE /* IdentifiableWithSubtypeAndValue.swift */; };
		3853D202283968E1005E2FAE /* RemoteDependencyFormView.swift in Sources */ = {isa = PBXBuildFile; fileRef = 3853D201283968E1005E2FAE /* RemoteDependencyFormView.swift */; };
		386DD8BF289E9C0A00E800B9 /* Factory in Frameworks */ = {isa = PBXBuildFile; productRef = 386DD8BE289E9C0A00E800B9 /* Factory */; };
		3873E5A42804C509000BCB03 /* PhoenixApp.swift in Sources */ = {isa = PBXBuildFile; fileRef = 3873E5A32804C509000BCB03 /* PhoenixApp.swift */; };
		3873E5A62804C509000BCB03 /* PhoenixDocument+Extensions.swift in Sources */ = {isa = PBXBuildFile; fileRef = 3873E5A52804C509000BCB03 /* PhoenixDocument+Extensions.swift */; };
		3873E5A82804C509000BCB03 /* ContentView.swift in Sources */ = {isa = PBXBuildFile; fileRef = 3873E5A72804C509000BCB03 /* ContentView.swift */; };
		3873E5AA2804C50A000BCB03 /* Assets.xcassets in Resources */ = {isa = PBXBuildFile; fileRef = 3873E5A92804C50A000BCB03 /* Assets.xcassets */; };
		3873E5AD2804C50A000BCB03 /* Preview Assets.xcassets in Resources */ = {isa = PBXBuildFile; fileRef = 3873E5AC2804C50A000BCB03 /* Preview Assets.xcassets */; };
		3880FEE82842216800ED0110 /* ConfigurationView.swift in Sources */ = {isa = PBXBuildFile; fileRef = 3880FEE72842216800ED0110 /* ConfigurationView.swift */; };
		388B77F12857D2990038D4F4 /* PhoenixDocument in Frameworks */ = {isa = PBXBuildFile; productRef = 388B77F02857D2990038D4F4 /* PhoenixDocument */; };
		388B77F92857D4CE0038D4F4 /* DocumentCoder in Frameworks */ = {isa = PBXBuildFile; productRef = 388B77F82857D4CE0038D4F4 /* DocumentCoder */; };
		388DA8A6281862630066086A /* CustomToggle.swift in Sources */ = {isa = PBXBuildFile; fileRef = 388DA8A5281862630066086A /* CustomToggle.swift */; };
		388DA8A8281863750066086A /* CustomMenu.swift in Sources */ = {isa = PBXBuildFile; fileRef = 388DA8A7281863750066086A /* CustomMenu.swift */; };
		38BCCC9228549BAE00E928CA /* AppVersionProvider in Frameworks */ = {isa = PBXBuildFile; productRef = 38BCCC9128549BAE00E928CA /* AppVersionProvider */; };
		38BCCC952854A0C000E928CA /* CompositionRoot.swift in Sources */ = {isa = PBXBuildFile; fileRef = 38BCCC942854A0C000E928CA /* CompositionRoot.swift */; };
		38BCCC9D2854B51700E928CA /* PhoenixDocumentParsingTests.swift in Sources */ = {isa = PBXBuildFile; fileRef = 38BCCC9C2854B51700E928CA /* PhoenixDocumentParsingTests.swift */; };
		38BCCCA02854B7E300E928CA /* file_1_0_0.ash in Resources */ = {isa = PBXBuildFile; fileRef = 38BCCC9F2854B7E300E928CA /* file_1_0_0.ash */; };
		38C7D1492808B35300E2675B /* NewComponentSheet.swift in Sources */ = {isa = PBXBuildFile; fileRef = 38C7D1482808B35300E2675B /* NewComponentSheet.swift */; };
		38E0B2FA2815702E00B5992D /* ComponentDependenciesSheet.swift in Sources */ = {isa = PBXBuildFile; fileRef = 38E0B2F92815702E00B5992D /* ComponentDependenciesSheet.swift */; };
		38E0B2FD2815766E00B5992D /* PhoenixDocument+Extension.swift in Sources */ = {isa = PBXBuildFile; fileRef = 38E0B2FC2815766E00B5992D /* PhoenixDocument+Extension.swift */; };
		38E0B2FF2815CC7D00B5992D /* RemoteDependencyView.swift in Sources */ = {isa = PBXBuildFile; fileRef = 38E0B2FE2815CC7D00B5992D /* RemoteDependencyView.swift */; };
		38E2512B2837E163002FFA31 /* ViewModel.swift in Sources */ = {isa = PBXBuildFile; fileRef = 38E2512A2837E163002FFA31 /* ViewModel.swift */; };
		38E2512F2837E508002FFA31 /* ComponentModuleTypeView.swift in Sources */ = {isa = PBXBuildFile; fileRef = 38E2512E2837E508002FFA31 /* ComponentModuleTypeView.swift */; };
		38E251312837E96A002FFA31 /* PopoverView.swift in Sources */ = {isa = PBXBuildFile; fileRef = 38E251302837E96A002FFA31 /* PopoverView.swift */; };
		38E251332837EC73002FFA31 /* FilterView.swift in Sources */ = {isa = PBXBuildFile; fileRef = 38E251322837EC73002FFA31 /* FilterView.swift */; };
		38E2513D28392CF9002FFA31 /* IdentifiableWithSubtype.swift in Sources */ = {isa = PBXBuildFile; fileRef = 38E2513C28392CF9002FFA31 /* IdentifiableWithSubtype.swift */; };
		38E2513F28392D18002FFA31 /* IdentifiableWithTitle.swift in Sources */ = {isa = PBXBuildFile; fileRef = 38E2513E28392D18002FFA31 /* IdentifiableWithTitle.swift */; };
		B213A90D28C7CA13005AFC91 /* ProjectGenerator in Frameworks */ = {isa = PBXBuildFile; productRef = B213A90C28C7CA13005AFC91 /* ProjectGenerator */; };
		B216D3A12926EDC6005EDBB5 /* RelationView.swift in Sources */ = {isa = PBXBuildFile; fileRef = B216D3A02926EDC6005EDBB5 /* RelationView.swift */; };
		B216D3A32926F212005EDBB5 /* GetRelationViewDataUseCase.swift in Sources */ = {isa = PBXBuildFile; fileRef = B216D3A22926F212005EDBB5 /* GetRelationViewDataUseCase.swift */; };
		B21BF48D28EAD6E7007AAA0B /* CompositionRoot+AppVersion.swift in Sources */ = {isa = PBXBuildFile; fileRef = B21BF48C28EAD6E7007AAA0B /* CompositionRoot+AppVersion.swift */; };
		B224D9AC28C3CCA300997F80 /* PhoenixViews in Frameworks */ = {isa = PBXBuildFile; productRef = B224D9AB28C3CCA300997F80 /* PhoenixViews */; };
		B22AFDA828B9528400C471A4 /* DemoAppGenerator in Frameworks */ = {isa = PBXBuildFile; productRef = B22AFDA728B9528400C471A4 /* DemoAppGenerator */; };
		B233D86528DBACFB0061BA7A /* ComponentDetailsProvider in Frameworks */ = {isa = PBXBuildFile; productRef = B233D86428DBACFB0061BA7A /* ComponentDetailsProvider */; };
		B233DB6B28EB5BC000243D58 /* PhoenixUITests.swift in Sources */ = {isa = PBXBuildFile; fileRef = B233DB6A28EB5BC000243D58 /* PhoenixUITests.swift */; };
		B23F1A1028D64A4C00933FC4 /* SwiftPackage in Frameworks */ = {isa = PBXBuildFile; productRef = B23F1A0F28D64A4C00933FC4 /* SwiftPackage */; };
		B266B0B528BA8BF900778F3A /* RelativeURLProvider in Frameworks */ = {isa = PBXBuildFile; productRef = B266B0B428BA8BF900778F3A /* RelativeURLProvider */; };
		B291BD2328CA83A0000D2149 /* DemoAppFeature in Frameworks */ = {isa = PBXBuildFile; productRef = B291BD2228CA83A0000D2149 /* DemoAppFeature */; };
		B291BD2628CA844A000D2149 /* CompositionRoot+Features.swift in Sources */ = {isa = PBXBuildFile; fileRef = B291BD2528CA844A000D2149 /* CompositionRoot+Features.swift */; };
		B29FDC5A2905725B006A0007 /* RemoteDependencySheet.swift in Sources */ = {isa = PBXBuildFile; fileRef = B29FDC592905725B006A0007 /* RemoteDependencySheet.swift */; };
		B2C6310F28D39F7E00029B7F /* FilesURLDataStore.swift in Sources */ = {isa = PBXBuildFile; fileRef = B2C6310E28D39F7E00029B7F /* FilesURLDataStore.swift */; };
		B2CC2B5A28BAC12200848D93 /* PackageGenerator in Frameworks */ = {isa = PBXBuildFile; productRef = B2CC2B5928BAC12200848D93 /* PackageGenerator */; };
		B2CC2B5C28BAC21900848D93 /* PackageStringProvider in Frameworks */ = {isa = PBXBuildFile; productRef = B2CC2B5B28BAC21900848D93 /* PackageStringProvider */; };
		B2E1D48029424C5500FF07DE /* GetAllDependenciesConfigurationUseCase.swift in Sources */ = {isa = PBXBuildFile; fileRef = B2E1D47F29424C5500FF07DE /* GetAllDependenciesConfigurationUseCase.swift */; };
		B2E1D4822942556400FF07DE /* CompositionRoot+Domain.swift in Sources */ = {isa = PBXBuildFile; fileRef = B2E1D4812942556400FF07DE /* CompositionRoot+Domain.swift */; };
		B2E1D48529425CCB00FF07DE /* ViewModel+ComponentsList.swift in Sources */ = {isa = PBXBuildFile; fileRef = B2E1D48429425CCB00FF07DE /* ViewModel+ComponentsList.swift */; };
		B2E1D48729425E8700FF07DE /* XCUIElement+Extensions.swift in Sources */ = {isa = PBXBuildFile; fileRef = B2E1D48629425E8700FF07DE /* XCUIElement+Extensions.swift */; };
		B2E6318528F2BF5400C71866 /* FamilySheet.swift in Sources */ = {isa = PBXBuildFile; fileRef = B2E6318428F2BF5400C71866 /* FamilySheet.swift */; };
		B2EFE83628ECC0CF005DBE78 /* ComponentScreen.swift in Sources */ = {isa = PBXBuildFile; fileRef = B2EFE83528ECC0CF005DBE78 /* ComponentScreen.swift */; };
		B2EFE83828ECC1AC005DBE78 /* DependenciesSheet.swift in Sources */ = {isa = PBXBuildFile; fileRef = B2EFE83728ECC1AC005DBE78 /* DependenciesSheet.swift */; };
		B2EFE83A28ECD0CE005DBE78 /* DependencyScreen.swift in Sources */ = {isa = PBXBuildFile; fileRef = B2EFE83928ECD0CE005DBE78 /* DependencyScreen.swift */; };
		B2F407C228EB8000007E7434 /* Screen.swift in Sources */ = {isa = PBXBuildFile; fileRef = B2F407C128EB8000007E7434 /* Screen.swift */; };
		B2F407C428EB8136007E7434 /* AccessibilityIdentifiers in Frameworks */ = {isa = PBXBuildFile; productRef = B2F407C328EB8136007E7434 /* AccessibilityIdentifiers */; };
		B2F407C628EB8331007E7434 /* AccessibilityIdentifiers in Frameworks */ = {isa = PBXBuildFile; productRef = B2F407C528EB8331007E7434 /* AccessibilityIdentifiers */; };
		B2F407C828EB8C27007E7434 /* ToolbarIdentifiers.swift in Sources */ = {isa = PBXBuildFile; fileRef = B2F407C728EB8C27007E7434 /* ToolbarIdentifiers.swift */; };
		B2F407CA28EB8C40007E7434 /* NewComponentSheetIdentifiers.swift in Sources */ = {isa = PBXBuildFile; fileRef = B2F407C928EB8C40007E7434 /* NewComponentSheetIdentifiers.swift */; };
		B2F407CC28EB8C53007E7434 /* ConfigurationSheetIdentifiers.swift in Sources */ = {isa = PBXBuildFile; fileRef = B2F407CB28EB8C53007E7434 /* ConfigurationSheetIdentifiers.swift */; };
		B2F407CF28EB94CC007E7434 /* ComponentsList.swift in Sources */ = {isa = PBXBuildFile; fileRef = B2F407CE28EB94CC007E7434 /* ComponentsList.swift */; };
		B2F5B85528C143A600282672 /* PBXProjectSyncer in Frameworks */ = {isa = PBXBuildFile; productRef = B2F5B85428C143A600282672 /* PBXProjectSyncer */; };
/* End PBXBuildFile section */

/* Begin PBXContainerItemProxy section */
		3873E5B52804C50A000BCB03 /* PBXContainerItemProxy */ = {
			isa = PBXContainerItemProxy;
			containerPortal = 3873E5982804C509000BCB03 /* Project object */;
			proxyType = 1;
			remoteGlobalIDString = 3873E59F2804C509000BCB03;
			remoteInfo = Phoenix;
		};
		B233DB7128EB5BD100243D58 /* PBXContainerItemProxy */ = {
			isa = PBXContainerItemProxy;
			containerPortal = 3873E5982804C509000BCB03 /* Project object */;
			proxyType = 1;
			remoteGlobalIDString = 3873E59F2804C509000BCB03;
			remoteInfo = Phoenix;
		};
/* End PBXContainerItemProxy section */

/* Begin PBXCopyFilesBuildPhase section */
		38C7D139280884B000E2675B /* Embed Frameworks */ = {
			isa = PBXCopyFilesBuildPhase;
			buildActionMask = 12;
			dstPath = "";
			dstSubfolderSpec = 10;
			files = (
			);
			name = "Embed Frameworks";
			runOnlyForDeploymentPostprocessing = 0;
		};
/* End PBXCopyFilesBuildPhase section */

/* Begin PBXFileReference section */
		11412F894C62710EEE3CAAA9 /* DemoAppGenerator */ = {isa = PBXFileReference; lastKnownFileType = wrapper; path = DemoAppGenerator; sourceTree = "<group>"; };
		1F90EE55889EB973A1F4A83A /* RelativeURLProviderContract */ = {isa = PBXFileReference; lastKnownFileType = wrapper; path = RelativeURLProviderContract; sourceTree = "<group>"; };
		29DC1384DF456B933D03EBA9 /* AppVersionProviderContract */ = {isa = PBXFileReference; lastKnownFileType = wrapper; path = AppVersionProviderContract; sourceTree = "<group>"; };
		3810D8CA2809811F006E7EE3 /* ComponentView.swift */ = {isa = PBXFileReference; lastKnownFileType = sourcecode.swift; path = ComponentView.swift; sourceTree = "<group>"; };
		3810D8CC280990AF006E7EE3 /* ComponentsList.swift */ = {isa = PBXFileReference; lastKnownFileType = sourcecode.swift; path = ComponentsList.swift; sourceTree = "<group>"; };
		3810D8CE28099B82006E7EE3 /* ComponentListItem.swift */ = {isa = PBXFileReference; lastKnownFileType = sourcecode.swift; path = ComponentListItem.swift; sourceTree = "<group>"; };
		3810D8D22809C555006E7EE3 /* FamilySheet.swift */ = {isa = PBXFileReference; lastKnownFileType = sourcecode.swift; path = FamilySheet.swift; sourceTree = "<group>"; };
		381855752819CACD00BF6696 /* ResourcesView.swift */ = {isa = PBXFileReference; lastKnownFileType = sourcecode.swift; name = ResourcesView.swift; path = Reusable/ResourcesView.swift; sourceTree = "<group>"; };
		3853D1FF2839320B005E2FAE /* IdentifiableWithSubtypeAndValue.swift */ = {isa = PBXFileReference; lastKnownFileType = sourcecode.swift; path = IdentifiableWithSubtypeAndValue.swift; sourceTree = "<group>"; };
		3853D201283968E1005E2FAE /* RemoteDependencyFormView.swift */ = {isa = PBXFileReference; lastKnownFileType = sourcecode.swift; path = RemoteDependencyFormView.swift; sourceTree = "<group>"; };
		3873E5A02804C509000BCB03 /* Phoenix.app */ = {isa = PBXFileReference; explicitFileType = wrapper.application; includeInIndex = 0; path = Phoenix.app; sourceTree = BUILT_PRODUCTS_DIR; };
		3873E5A32804C509000BCB03 /* PhoenixApp.swift */ = {isa = PBXFileReference; lastKnownFileType = sourcecode.swift; path = PhoenixApp.swift; sourceTree = "<group>"; };
		3873E5A52804C509000BCB03 /* PhoenixDocument+Extensions.swift */ = {isa = PBXFileReference; lastKnownFileType = sourcecode.swift; path = "PhoenixDocument+Extensions.swift"; sourceTree = "<group>"; };
		3873E5A72804C509000BCB03 /* ContentView.swift */ = {isa = PBXFileReference; lastKnownFileType = sourcecode.swift; path = ContentView.swift; sourceTree = "<group>"; };
		3873E5A92804C50A000BCB03 /* Assets.xcassets */ = {isa = PBXFileReference; lastKnownFileType = folder.assetcatalog; path = Assets.xcassets; sourceTree = "<group>"; };
		3873E5AC2804C50A000BCB03 /* Preview Assets.xcassets */ = {isa = PBXFileReference; lastKnownFileType = folder.assetcatalog; path = "Preview Assets.xcassets"; sourceTree = "<group>"; };
		3873E5AE2804C50A000BCB03 /* Info.plist */ = {isa = PBXFileReference; lastKnownFileType = text.plist.xml; path = Info.plist; sourceTree = "<group>"; };
		3873E5AF2804C50A000BCB03 /* Phoenix.entitlements */ = {isa = PBXFileReference; lastKnownFileType = text.plist.entitlements; path = Phoenix.entitlements; sourceTree = "<group>"; };
		3873E5B42804C50A000BCB03 /* PhoenixTests.xctest */ = {isa = PBXFileReference; explicitFileType = wrapper.cfbundle; includeInIndex = 0; path = PhoenixTests.xctest; sourceTree = BUILT_PRODUCTS_DIR; };
		3880FEE72842216800ED0110 /* ConfigurationView.swift */ = {isa = PBXFileReference; lastKnownFileType = sourcecode.swift; path = ConfigurationView.swift; sourceTree = "<group>"; };
		388DA8A5281862630066086A /* CustomToggle.swift */ = {isa = PBXFileReference; lastKnownFileType = sourcecode.swift; path = CustomToggle.swift; sourceTree = "<group>"; };
		388DA8A7281863750066086A /* CustomMenu.swift */ = {isa = PBXFileReference; lastKnownFileType = sourcecode.swift; path = CustomMenu.swift; sourceTree = "<group>"; };
		38BCCC942854A0C000E928CA /* CompositionRoot.swift */ = {isa = PBXFileReference; lastKnownFileType = sourcecode.swift; path = CompositionRoot.swift; sourceTree = "<group>"; };
		38BCCC9C2854B51700E928CA /* PhoenixDocumentParsingTests.swift */ = {isa = PBXFileReference; lastKnownFileType = sourcecode.swift; path = PhoenixDocumentParsingTests.swift; sourceTree = "<group>"; };
		38BCCC9F2854B7E300E928CA /* file_1_0_0.ash */ = {isa = PBXFileReference; lastKnownFileType = wrapper; path = file_1_0_0.ash; sourceTree = "<group>"; };
		38C7D1482808B35300E2675B /* NewComponentSheet.swift */ = {isa = PBXFileReference; lastKnownFileType = sourcecode.swift; path = NewComponentSheet.swift; sourceTree = "<group>"; };
		38E0B2F92815702E00B5992D /* ComponentDependenciesSheet.swift */ = {isa = PBXFileReference; lastKnownFileType = sourcecode.swift; path = ComponentDependenciesSheet.swift; sourceTree = "<group>"; };
		38E0B2FC2815766E00B5992D /* PhoenixDocument+Extension.swift */ = {isa = PBXFileReference; lastKnownFileType = sourcecode.swift; path = "PhoenixDocument+Extension.swift"; sourceTree = "<group>"; };
		38E0B2FE2815CC7D00B5992D /* RemoteDependencyView.swift */ = {isa = PBXFileReference; lastKnownFileType = sourcecode.swift; path = RemoteDependencyView.swift; sourceTree = "<group>"; };
		38E2512A2837E163002FFA31 /* ViewModel.swift */ = {isa = PBXFileReference; fileEncoding = 4; lastKnownFileType = sourcecode.swift; path = ViewModel.swift; sourceTree = "<group>"; };
		38E2512E2837E508002FFA31 /* ComponentModuleTypeView.swift */ = {isa = PBXFileReference; lastKnownFileType = sourcecode.swift; path = ComponentModuleTypeView.swift; sourceTree = "<group>"; };
		38E251302837E96A002FFA31 /* PopoverView.swift */ = {isa = PBXFileReference; lastKnownFileType = sourcecode.swift; path = PopoverView.swift; sourceTree = "<group>"; };
		38E251322837EC73002FFA31 /* FilterView.swift */ = {isa = PBXFileReference; lastKnownFileType = sourcecode.swift; path = FilterView.swift; sourceTree = "<group>"; };
		38E2513C28392CF9002FFA31 /* IdentifiableWithSubtype.swift */ = {isa = PBXFileReference; lastKnownFileType = sourcecode.swift; path = IdentifiableWithSubtype.swift; sourceTree = "<group>"; };
		38E2513E28392D18002FFA31 /* IdentifiableWithTitle.swift */ = {isa = PBXFileReference; lastKnownFileType = sourcecode.swift; path = IdentifiableWithTitle.swift; sourceTree = "<group>"; };
		3AC25B88077E4AB50EB60A99 /* AccessibilityIdentifiers */ = {isa = PBXFileReference; lastKnownFileType = wrapper; path = AccessibilityIdentifiers; sourceTree = "<group>"; };
		3AC871CD675846430EFB4047 /* PackageStringProvider */ = {isa = PBXFileReference; lastKnownFileType = wrapper; path = PackageStringProvider; sourceTree = "<group>"; };
		3D6F0CF1BBFF0E5372C2771E /* Component */ = {isa = PBXFileReference; lastKnownFileType = wrapper; path = Component; sourceTree = "<group>"; };
		4B57167F7F7325C28B04EF58 /* DemoAppGeneratorContract */ = {isa = PBXFileReference; lastKnownFileType = wrapper; path = DemoAppGeneratorContract; sourceTree = "<group>"; };
		51991ED64782A59B5A9A0E7F /* RelativeURLProvider */ = {isa = PBXFileReference; lastKnownFileType = wrapper; path = RelativeURLProvider; sourceTree = "<group>"; };
		5669FA7E1C90B8D304C1121D /* ProjectGenerator */ = {isa = PBXFileReference; lastKnownFileType = wrapper; path = ProjectGenerator; sourceTree = "<group>"; };
		56E271F2EFDE93C907701834 /* DocumentCoderContract */ = {isa = PBXFileReference; lastKnownFileType = wrapper; path = DocumentCoderContract; sourceTree = "<group>"; };
		75F2909D8CE5D60A75D05DD9 /* PBXProjectSyncer */ = {isa = PBXFileReference; lastKnownFileType = wrapper; path = PBXProjectSyncer; sourceTree = "<group>"; };
		7630EE55C64753273E2BF13A /* SwiftPackage */ = {isa = PBXFileReference; lastKnownFileType = wrapper; path = SwiftPackage; sourceTree = "<group>"; };
		981295FCE3B52E97779A2186 /* DocumentCoder */ = {isa = PBXFileReference; lastKnownFileType = wrapper; path = DocumentCoder; sourceTree = "<group>"; };
		ABEE0E3F8FE6D1C0124E666E /* AppVersionProvider */ = {isa = PBXFileReference; lastKnownFileType = wrapper; path = AppVersionProvider; sourceTree = "<group>"; };
		B216D3A02926EDC6005EDBB5 /* RelationView.swift */ = {isa = PBXFileReference; lastKnownFileType = sourcecode.swift; path = RelationView.swift; sourceTree = "<group>"; };
		B216D3A22926F212005EDBB5 /* GetRelationViewDataUseCase.swift */ = {isa = PBXFileReference; lastKnownFileType = sourcecode.swift; path = GetRelationViewDataUseCase.swift; sourceTree = "<group>"; };
		B21BF48C28EAD6E7007AAA0B /* CompositionRoot+AppVersion.swift */ = {isa = PBXFileReference; lastKnownFileType = sourcecode.swift; path = "CompositionRoot+AppVersion.swift"; sourceTree = "<group>"; };
		B233DB6828EB5BC000243D58 /* PhoenixUITests.xctest */ = {isa = PBXFileReference; explicitFileType = wrapper.cfbundle; includeInIndex = 0; path = PhoenixUITests.xctest; sourceTree = BUILT_PRODUCTS_DIR; };
		B233DB6A28EB5BC000243D58 /* PhoenixUITests.swift */ = {isa = PBXFileReference; lastKnownFileType = sourcecode.swift; path = PhoenixUITests.swift; sourceTree = "<group>"; };
		B26383E928D7773D00C9380E /* PhoenixRelease.entitlements */ = {isa = PBXFileReference; lastKnownFileType = text.plist.entitlements; path = PhoenixRelease.entitlements; sourceTree = "<group>"; };
		B291BD2528CA844A000D2149 /* CompositionRoot+Features.swift */ = {isa = PBXFileReference; lastKnownFileType = sourcecode.swift; path = "CompositionRoot+Features.swift"; sourceTree = "<group>"; };
		B29FDC592905725B006A0007 /* RemoteDependencySheet.swift */ = {isa = PBXFileReference; lastKnownFileType = sourcecode.swift; path = RemoteDependencySheet.swift; sourceTree = "<group>"; };
		B2C6310E28D39F7E00029B7F /* FilesURLDataStore.swift */ = {isa = PBXFileReference; lastKnownFileType = sourcecode.swift; path = FilesURLDataStore.swift; sourceTree = "<group>"; };
		B2E1D47F29424C5500FF07DE /* GetAllDependenciesConfigurationUseCase.swift */ = {isa = PBXFileReference; fileEncoding = 4; lastKnownFileType = sourcecode.swift; path = GetAllDependenciesConfigurationUseCase.swift; sourceTree = "<group>"; };
		B2E1D4812942556400FF07DE /* CompositionRoot+Domain.swift */ = {isa = PBXFileReference; lastKnownFileType = sourcecode.swift; path = "CompositionRoot+Domain.swift"; sourceTree = "<group>"; };
		B2E1D48429425CCB00FF07DE /* ViewModel+ComponentsList.swift */ = {isa = PBXFileReference; lastKnownFileType = sourcecode.swift; path = "ViewModel+ComponentsList.swift"; sourceTree = "<group>"; };
		B2E1D48629425E8700FF07DE /* XCUIElement+Extensions.swift */ = {isa = PBXFileReference; lastKnownFileType = sourcecode.swift; path = "XCUIElement+Extensions.swift"; sourceTree = "<group>"; };
		B2E6318428F2BF5400C71866 /* FamilySheet.swift */ = {isa = PBXFileReference; lastKnownFileType = sourcecode.swift; path = FamilySheet.swift; sourceTree = "<group>"; };
		B2EFE83528ECC0CF005DBE78 /* ComponentScreen.swift */ = {isa = PBXFileReference; lastKnownFileType = sourcecode.swift; path = ComponentScreen.swift; sourceTree = "<group>"; };
		B2EFE83728ECC1AC005DBE78 /* DependenciesSheet.swift */ = {isa = PBXFileReference; lastKnownFileType = sourcecode.swift; path = DependenciesSheet.swift; sourceTree = "<group>"; };
		B2EFE83928ECD0CE005DBE78 /* DependencyScreen.swift */ = {isa = PBXFileReference; lastKnownFileType = sourcecode.swift; path = DependencyScreen.swift; sourceTree = "<group>"; };
		B2F407C128EB8000007E7434 /* Screen.swift */ = {isa = PBXFileReference; lastKnownFileType = sourcecode.swift; path = Screen.swift; sourceTree = "<group>"; };
		B2F407C728EB8C27007E7434 /* ToolbarIdentifiers.swift */ = {isa = PBXFileReference; lastKnownFileType = sourcecode.swift; path = ToolbarIdentifiers.swift; sourceTree = "<group>"; };
		B2F407C928EB8C40007E7434 /* NewComponentSheetIdentifiers.swift */ = {isa = PBXFileReference; lastKnownFileType = sourcecode.swift; path = NewComponentSheetIdentifiers.swift; sourceTree = "<group>"; };
		B2F407CB28EB8C53007E7434 /* ConfigurationSheetIdentifiers.swift */ = {isa = PBXFileReference; lastKnownFileType = sourcecode.swift; path = ConfigurationSheetIdentifiers.swift; sourceTree = "<group>"; };
		B2F407CE28EB94CC007E7434 /* ComponentsList.swift */ = {isa = PBXFileReference; lastKnownFileType = sourcecode.swift; path = ComponentsList.swift; sourceTree = "<group>"; };
		B4F18C5B17A0862878E78D80 /* ComponentDetailsProviderContract */ = {isa = PBXFileReference; lastKnownFileType = wrapper; path = ComponentDetailsProviderContract; sourceTree = "<group>"; };
		B544253829AAED80892BA404 /* DemoAppFeature */ = {isa = PBXFileReference; lastKnownFileType = wrapper; path = DemoAppFeature; sourceTree = "<group>"; };
		B7248711AB2A2870AED7550A /* PhoenixViews */ = {isa = PBXFileReference; lastKnownFileType = wrapper; path = PhoenixViews; sourceTree = "<group>"; };
		B86CEB09DA099F6F8731087F /* PackageGeneratorContract */ = {isa = PBXFileReference; lastKnownFileType = wrapper; path = PackageGeneratorContract; sourceTree = "<group>"; };
		BFB2D12C51FEFD765929B0F5 /* PBXProjectSyncerContract */ = {isa = PBXFileReference; lastKnownFileType = wrapper; path = PBXProjectSyncerContract; sourceTree = "<group>"; };
		C195694B44FA2BCE8C9153F2 /* PhoenixDocument */ = {isa = PBXFileReference; lastKnownFileType = wrapper; path = PhoenixDocument; sourceTree = "<group>"; };
		C6203B95ABB73C7D223C834F /* PackageStringProviderContract */ = {isa = PBXFileReference; lastKnownFileType = wrapper; path = PackageStringProviderContract; sourceTree = "<group>"; };
		C7DFFFA4F4362ABC8A50059A /* ComponentDetailsProvider */ = {isa = PBXFileReference; lastKnownFileType = wrapper; path = ComponentDetailsProvider; sourceTree = "<group>"; };
		D31BEF1140150CC2EF775D13 /* PackageGenerator */ = {isa = PBXFileReference; lastKnownFileType = wrapper; path = PackageGenerator; sourceTree = "<group>"; };
		EF446E3DFA12B64F40DF9E12 /* ProjectGeneratorContract */ = {isa = PBXFileReference; lastKnownFileType = wrapper; path = ProjectGeneratorContract; sourceTree = "<group>"; };
/* End PBXFileReference section */

/* Begin PBXFrameworksBuildPhase section */
		3873E59D2804C509000BCB03 /* Frameworks */ = {
			isa = PBXFrameworksBuildPhase;
			buildActionMask = 2147483647;
			files = (
				388B77F92857D4CE0038D4F4 /* DocumentCoder in Frameworks */,
				B2F407C428EB8136007E7434 /* AccessibilityIdentifiers in Frameworks */,
				B2F5B85528C143A600282672 /* PBXProjectSyncer in Frameworks */,
				388B77F12857D2990038D4F4 /* PhoenixDocument in Frameworks */,
				B23F1A1028D64A4C00933FC4 /* SwiftPackage in Frameworks */,
				B266B0B528BA8BF900778F3A /* RelativeURLProvider in Frameworks */,
				B2CC2B5A28BAC12200848D93 /* PackageGenerator in Frameworks */,
				B233D86528DBACFB0061BA7A /* ComponentDetailsProvider in Frameworks */,
				386DD8BF289E9C0A00E800B9 /* Factory in Frameworks */,
				B291BD2328CA83A0000D2149 /* DemoAppFeature in Frameworks */,
				B224D9AC28C3CCA300997F80 /* PhoenixViews in Frameworks */,
				B2CC2B5C28BAC21900848D93 /* PackageStringProvider in Frameworks */,
				B213A90D28C7CA13005AFC91 /* ProjectGenerator in Frameworks */,
				38BCCC9228549BAE00E928CA /* AppVersionProvider in Frameworks */,
				B22AFDA828B9528400C471A4 /* DemoAppGenerator in Frameworks */,
			);
			runOnlyForDeploymentPostprocessing = 0;
		};
		3873E5B12804C50A000BCB03 /* Frameworks */ = {
			isa = PBXFrameworksBuildPhase;
			buildActionMask = 2147483647;
			files = (
			);
			runOnlyForDeploymentPostprocessing = 0;
		};
		B233DB6528EB5BC000243D58 /* Frameworks */ = {
			isa = PBXFrameworksBuildPhase;
			buildActionMask = 2147483647;
			files = (
				B2F407C628EB8331007E7434 /* AccessibilityIdentifiers in Frameworks */,
			);
			runOnlyForDeploymentPostprocessing = 0;
		};
/* End PBXFrameworksBuildPhase section */

/* Begin PBXGroup section */
		04559B6B6767D435AF3F0901 /* Features */ = {
			isa = PBXGroup;
			children = (
				B544253829AAED80892BA404 /* DemoAppFeature */,
			);
			path = Features;
			sourceTree = "<group>";
		};
		1AD6768A622340C75953B258 /* Support */ = {
			isa = PBXGroup;
			children = (
				3AC25B88077E4AB50EB60A99 /* AccessibilityIdentifiers */,
			);
			path = Support;
			sourceTree = "<group>";
		};
		3758DC87BCEA6CA7C84F1D53 /* Coders */ = {
			isa = PBXGroup;
			children = (
				56E271F2EFDE93C907701834 /* DocumentCoderContract */,
			);
			path = Coders;
			sourceTree = "<group>";
		};
		3873E5972804C509000BCB03 = {
			isa = PBXGroup;
			children = (
				3873E5A22804C509000BCB03 /* Phoenix */,
				3873E5B72804C50A000BCB03 /* PhoenixTests */,
				B233DB6928EB5BC000243D58 /* PhoenixUITests */,
				3873E5A12804C509000BCB03 /* Products */,
				38C7D135280884B000E2675B /* Frameworks */,
				C6FB5E3AC3B8F01526D3C642 /* Modules */,
			);
			sourceTree = "<group>";
		};
		3873E5A12804C509000BCB03 /* Products */ = {
			isa = PBXGroup;
			children = (
				3873E5A02804C509000BCB03 /* Phoenix.app */,
				3873E5B42804C50A000BCB03 /* PhoenixTests.xctest */,
				B233DB6828EB5BC000243D58 /* PhoenixUITests.xctest */,
			);
			name = Products;
			sourceTree = "<group>";
		};
		3873E5A22804C509000BCB03 /* Phoenix */ = {
			isa = PBXGroup;
			children = (
				3873E5A92804C50A000BCB03 /* Assets.xcassets */,
				38BCCC932854A0BA00E928CA /* CompositionRoot */,
				38E2513B28392CE1002FFA31 /* Data */,
				38E0B2FB2815765E00B5992D /* DataStore */,
				B240A5D9291D5E4F00815CC3 /* Domain */,
				B2C6310E28D39F7E00029B7F /* FilesURLDataStore.swift */,
				3873E5AE2804C50A000BCB03 /* Info.plist */,
				3873E5AF2804C50A000BCB03 /* Phoenix.entitlements */,
				3873E5A32804C509000BCB03 /* PhoenixApp.swift */,
				3873E5A52804C509000BCB03 /* PhoenixDocument+Extensions.swift */,
				B26383E928D7773D00C9380E /* PhoenixRelease.entitlements */,
				3873E5AB2804C50A000BCB03 /* Preview Content */,
				B2E1D48329425CBE00FF07DE /* ViewModel */,
				38C7D144280888E800E2675B /* Views */,
			);
			path = Phoenix;
			sourceTree = "<group>";
		};
		3873E5AB2804C50A000BCB03 /* Preview Content */ = {
			isa = PBXGroup;
			children = (
				3873E5AC2804C50A000BCB03 /* Preview Assets.xcassets */,
			);
			path = "Preview Content";
			sourceTree = "<group>";
		};
		3873E5B72804C50A000BCB03 /* PhoenixTests */ = {
			isa = PBXGroup;
			children = (
				38BCCC9E2854B7D800E928CA /* Files */,
				38BCCC9C2854B51700E928CA /* PhoenixDocumentParsingTests.swift */,
			);
			path = PhoenixTests;
			sourceTree = "<group>";
		};
		388DA8A4281862420066086A /* Reusable */ = {
			isa = PBXGroup;
			children = (
				388DA8A5281862630066086A /* CustomToggle.swift */,
				388DA8A7281863750066086A /* CustomMenu.swift */,
			);
			path = Reusable;
			sourceTree = "<group>";
		};
		38BCCC932854A0BA00E928CA /* CompositionRoot */ = {
			isa = PBXGroup;
			children = (
				B291BD2428CA8440000D2149 /* Features */,
				38BCCC942854A0C000E928CA /* CompositionRoot.swift */,
				B2E1D4812942556400FF07DE /* CompositionRoot+Domain.swift */,
				B21BF48C28EAD6E7007AAA0B /* CompositionRoot+AppVersion.swift */,
			);
			path = CompositionRoot;
			sourceTree = "<group>";
		};
		38BCCC9E2854B7D800E928CA /* Files */ = {
			isa = PBXGroup;
			children = (
				38BCCC9F2854B7E300E928CA /* file_1_0_0.ash */,
			);
			path = Files;
			sourceTree = "<group>";
		};
		38C7D135280884B000E2675B /* Frameworks */ = {
			isa = PBXGroup;
			children = (
			);
			name = Frameworks;
			sourceTree = "<group>";
		};
		38C7D144280888E800E2675B /* Views */ = {
			isa = PBXGroup;
			children = (
				B27B03FC291ED1DC0024551A /* Component */,
				38E0B2F92815702E00B5992D /* ComponentDependenciesSheet.swift */,
				3810D8CE28099B82006E7EE3 /* ComponentListItem.swift */,
				38E2512E2837E508002FFA31 /* ComponentModuleTypeView.swift */,
				3810D8CC280990AF006E7EE3 /* ComponentsList.swift */,
				3880FEE72842216800ED0110 /* ConfigurationView.swift */,
				3873E5A72804C509000BCB03 /* ContentView.swift */,
				381855752819CACD00BF6696 /* ResourcesView.swift */,
				3810D8D22809C555006E7EE3 /* FamilySheet.swift */,
				B216D3A02926EDC6005EDBB5 /* RelationView.swift */,
				38E251322837EC73002FFA31 /* FilterView.swift */,
				38C7D1482808B35300E2675B /* NewComponentSheet.swift */,
				38E251302837E96A002FFA31 /* PopoverView.swift */,
				3853D201283968E1005E2FAE /* RemoteDependencyFormView.swift */,
				B29FDC592905725B006A0007 /* RemoteDependencySheet.swift */,
				38E0B2FE2815CC7D00B5992D /* RemoteDependencyView.swift */,
				388DA8A4281862420066086A /* Reusable */,
			);
			path = Views;
			sourceTree = "<group>";
		};
		38E0B2FB2815765E00B5992D /* DataStore */ = {
			isa = PBXGroup;
			children = (
				38E0B2FC2815766E00B5992D /* PhoenixDocument+Extension.swift */,
			);
			path = DataStore;
			sourceTree = "<group>";
		};
		38E2513B28392CE1002FFA31 /* Data */ = {
			isa = PBXGroup;
			children = (
				38E2513C28392CF9002FFA31 /* IdentifiableWithSubtype.swift */,
				3853D1FF2839320B005E2FAE /* IdentifiableWithSubtypeAndValue.swift */,
				38E2513E28392D18002FFA31 /* IdentifiableWithTitle.swift */,
			);
			path = Data;
			sourceTree = "<group>";
		};
		63CC22A165DCFB985567FF61 /* Entities */ = {
			isa = PBXGroup;
			children = (
				C195694B44FA2BCE8C9153F2 /* PhoenixDocument */,
				7630EE55C64753273E2BF13A /* SwiftPackage */,
				3D6F0CF1BBFF0E5372C2771E /* Component */,
			);
			path = Entities;
			sourceTree = "<group>";
		};
		6CBAA998ADC664891BFEE809 /* Generators */ = {
			isa = PBXGroup;
			children = (
				11412F894C62710EEE3CAAA9 /* DemoAppGenerator */,
				D31BEF1140150CC2EF775D13 /* PackageGenerator */,
				5669FA7E1C90B8D304C1121D /* ProjectGenerator */,
			);
			path = Generators;
			sourceTree = "<group>";
		};
		86377C62E848559EB015C968 /* Syncers */ = {
			isa = PBXGroup;
			children = (
				75F2909D8CE5D60A75D05DD9 /* PBXProjectSyncer */,
			);
			path = Syncers;
			sourceTree = "<group>";
		};
		94B827383F01837B8AFE3B25 /* Syncers */ = {
			isa = PBXGroup;
			children = (
				BFB2D12C51FEFD765929B0F5 /* PBXProjectSyncerContract */,
			);
			path = Syncers;
			sourceTree = "<group>";
		};
		B233DB6928EB5BC000243D58 /* PhoenixUITests */ = {
			isa = PBXGroup;
			children = (
				B2F407CD28EB8DD9007E7434 /* Screen */,
				B233DB6A28EB5BC000243D58 /* PhoenixUITests.swift */,
			);
			path = PhoenixUITests;
			sourceTree = "<group>";
		};
		B240A5D9291D5E4F00815CC3 /* Domain */ = {
			isa = PBXGroup;
			children = (
				B2E1D47F29424C5500FF07DE /* GetAllDependenciesConfigurationUseCase.swift */,
				B216D3A22926F212005EDBB5 /* GetRelationViewDataUseCase.swift */,
			);
			path = Domain;
			sourceTree = "<group>";
		};
		B27B03FC291ED1DC0024551A /* Component */ = {
			isa = PBXGroup;
			children = (
				3810D8CA2809811F006E7EE3 /* ComponentView.swift */,
			);
			path = Component;
			sourceTree = "<group>";
		};
		B291BD2428CA8440000D2149 /* Features */ = {
			isa = PBXGroup;
			children = (
				B291BD2528CA844A000D2149 /* CompositionRoot+Features.swift */,
			);
			path = Features;
			sourceTree = "<group>";
		};
		B2E1D48329425CBE00FF07DE /* ViewModel */ = {
			isa = PBXGroup;
			children = (
				38E2512A2837E163002FFA31 /* ViewModel.swift */,
				B2E1D48429425CCB00FF07DE /* ViewModel+ComponentsList.swift */,
			);
			path = ViewModel;
			sourceTree = "<group>";
		};
		B2F407CD28EB8DD9007E7434 /* Screen */ = {
			isa = PBXGroup;
			children = (
				B2F407C128EB8000007E7434 /* Screen.swift */,
				B2F407CE28EB94CC007E7434 /* ComponentsList.swift */,
				B2EFE83528ECC0CF005DBE78 /* ComponentScreen.swift */,
				B2E6318428F2BF5400C71866 /* FamilySheet.swift */,
				B2E1D48629425E8700FF07DE /* XCUIElement+Extensions.swift */,
				B2EFE83728ECC1AC005DBE78 /* DependenciesSheet.swift */,
				B2EFE83928ECD0CE005DBE78 /* DependencyScreen.swift */,
				B2F407C728EB8C27007E7434 /* ToolbarIdentifiers.swift */,
				B2F407C928EB8C40007E7434 /* NewComponentSheetIdentifiers.swift */,
				B2F407CB28EB8C53007E7434 /* ConfigurationSheetIdentifiers.swift */,
			);
			path = Screen;
			sourceTree = "<group>";
		};
		BF4AAF6C9E073FB1B587345F /* Generators */ = {
			isa = PBXGroup;
			children = (
				4B57167F7F7325C28B04EF58 /* DemoAppGeneratorContract */,
				B86CEB09DA099F6F8731087F /* PackageGeneratorContract */,
				EF446E3DFA12B64F40DF9E12 /* ProjectGeneratorContract */,
			);
			path = Generators;
			sourceTree = "<group>";
		};
		C6FB5E3AC3B8F01526D3C642 /* Modules */ = {
			isa = PBXGroup;
			children = (
				DFD6749E4EE88C26BD57B201 /* Coders */,
				CD1D16932E4F9936FE2BAD49 /* Contracts */,
				63CC22A165DCFB985567FF61 /* Entities */,
				04559B6B6767D435AF3F0901 /* Features */,
				6CBAA998ADC664891BFEE809 /* Generators */,
				E66D986E49EF92A54A4D6C86 /* Providers */,
				86377C62E848559EB015C968 /* Syncers */,
				E791D6E4F0686CF12D3E24DC /* Views */,
				1AD6768A622340C75953B258 /* Support */,
			);
			path = Modules;
			sourceTree = "<group>";
		};
		CD1D16932E4F9936FE2BAD49 /* Contracts */ = {
			isa = PBXGroup;
			children = (
				3758DC87BCEA6CA7C84F1D53 /* Coders */,
				BF4AAF6C9E073FB1B587345F /* Generators */,
				D3300490E8D5D25FE260401E /* Providers */,
				94B827383F01837B8AFE3B25 /* Syncers */,
			);
			path = Contracts;
			sourceTree = "<group>";
		};
		D3300490E8D5D25FE260401E /* Providers */ = {
			isa = PBXGroup;
			children = (
				29DC1384DF456B933D03EBA9 /* AppVersionProviderContract */,
				C6203B95ABB73C7D223C834F /* PackageStringProviderContract */,
				1F90EE55889EB973A1F4A83A /* RelativeURLProviderContract */,
				B4F18C5B17A0862878E78D80 /* ComponentDetailsProviderContract */,
			);
			path = Providers;
			sourceTree = "<group>";
		};
		DFD6749E4EE88C26BD57B201 /* Coders */ = {
			isa = PBXGroup;
			children = (
				981295FCE3B52E97779A2186 /* DocumentCoder */,
			);
			path = Coders;
			sourceTree = "<group>";
		};
		E66D986E49EF92A54A4D6C86 /* Providers */ = {
			isa = PBXGroup;
			children = (
				ABEE0E3F8FE6D1C0124E666E /* AppVersionProvider */,
				3AC871CD675846430EFB4047 /* PackageStringProvider */,
				51991ED64782A59B5A9A0E7F /* RelativeURLProvider */,
				C7DFFFA4F4362ABC8A50059A /* ComponentDetailsProvider */,
			);
			path = Providers;
			sourceTree = "<group>";
		};
		E791D6E4F0686CF12D3E24DC /* Views */ = {
			isa = PBXGroup;
			children = (
				B7248711AB2A2870AED7550A /* PhoenixViews */,
			);
			path = Views;
			sourceTree = "<group>";
		};
/* End PBXGroup section */

/* Begin PBXNativeTarget section */
		3873E59F2804C509000BCB03 /* Phoenix */ = {
			isa = PBXNativeTarget;
			buildConfigurationList = 3873E5C82804C50A000BCB03 /* Build configuration list for PBXNativeTarget "Phoenix" */;
			buildPhases = (
				3873E59C2804C509000BCB03 /* Sources */,
				3873E59D2804C509000BCB03 /* Frameworks */,
				3873E59E2804C509000BCB03 /* Resources */,
				38C7D139280884B000E2675B /* Embed Frameworks */,
			);
			buildRules = (
			);
			dependencies = (
			);
			name = Phoenix;
			packageProductDependencies = (
				38BCCC9128549BAE00E928CA /* AppVersionProvider */,
				388B77F02857D2990038D4F4 /* PhoenixDocument */,
				388B77F82857D4CE0038D4F4 /* DocumentCoder */,
				386DD8BE289E9C0A00E800B9 /* Factory */,
				B22AFDA728B9528400C471A4 /* DemoAppGenerator */,
				B266B0B428BA8BF900778F3A /* RelativeURLProvider */,
				B2CC2B5928BAC12200848D93 /* PackageGenerator */,
				B2CC2B5B28BAC21900848D93 /* PackageStringProvider */,
				B2F5B85428C143A600282672 /* PBXProjectSyncer */,
				B224D9AB28C3CCA300997F80 /* PhoenixViews */,
				B213A90C28C7CA13005AFC91 /* ProjectGenerator */,
				B291BD2228CA83A0000D2149 /* DemoAppFeature */,
				B23F1A0F28D64A4C00933FC4 /* SwiftPackage */,
				B233D86428DBACFB0061BA7A /* ComponentDetailsProvider */,
				B2F407C328EB8136007E7434 /* AccessibilityIdentifiers */,
			);
			productName = Phoenix;
			productReference = 3873E5A02804C509000BCB03 /* Phoenix.app */;
			productType = "com.apple.product-type.application";
		};
		3873E5B32804C50A000BCB03 /* PhoenixTests */ = {
			isa = PBXNativeTarget;
			buildConfigurationList = 3873E5CB2804C50A000BCB03 /* Build configuration list for PBXNativeTarget "PhoenixTests" */;
			buildPhases = (
				3873E5B02804C50A000BCB03 /* Sources */,
				3873E5B12804C50A000BCB03 /* Frameworks */,
				3873E5B22804C50A000BCB03 /* Resources */,
			);
			buildRules = (
			);
			dependencies = (
				3873E5B62804C50A000BCB03 /* PBXTargetDependency */,
			);
			name = PhoenixTests;
			productName = PhoenixTests;
			productReference = 3873E5B42804C50A000BCB03 /* PhoenixTests.xctest */;
			productType = "com.apple.product-type.bundle.unit-test";
		};
		B233DB6728EB5BC000243D58 /* PhoenixUITests */ = {
			isa = PBXNativeTarget;
			buildConfigurationList = B233DB7028EB5BC000243D58 /* Build configuration list for PBXNativeTarget "PhoenixUITests" */;
			buildPhases = (
				B233DB6428EB5BC000243D58 /* Sources */,
				B233DB6528EB5BC000243D58 /* Frameworks */,
				B233DB6628EB5BC000243D58 /* Resources */,
			);
			buildRules = (
			);
			dependencies = (
				B233DB7228EB5BD100243D58 /* PBXTargetDependency */,
			);
			name = PhoenixUITests;
			packageProductDependencies = (
				B2F407C528EB8331007E7434 /* AccessibilityIdentifiers */,
			);
			productName = PhoenixUITests;
			productReference = B233DB6828EB5BC000243D58 /* PhoenixUITests.xctest */;
			productType = "com.apple.product-type.bundle.ui-testing";
		};
/* End PBXNativeTarget section */

/* Begin PBXProject section */
		3873E5982804C509000BCB03 /* Project object */ = {
			isa = PBXProject;
			attributes = {
				BuildIndependentTargetsInParallel = 1;
				LastSwiftUpdateCheck = 1400;
				LastUpgradeCheck = 1400;
				TargetAttributes = {
					3873E59F2804C509000BCB03 = {
						CreatedOnToolsVersion = 13.3;
					};
					3873E5B32804C50A000BCB03 = {
						CreatedOnToolsVersion = 13.3;
						LastSwiftMigration = 1340;
						TestTargetID = 3873E59F2804C509000BCB03;
					};
					B233DB6728EB5BC000243D58 = {
						CreatedOnToolsVersion = 14.0.1;
						TestTargetID = 3873E59F2804C509000BCB03;
					};
				};
			};
			buildConfigurationList = 3873E59B2804C509000BCB03 /* Build configuration list for PBXProject "Phoenix" */;
			compatibilityVersion = "Xcode 13.0";
			developmentRegion = en;
			hasScannedForEncodings = 0;
			knownRegions = (
				en,
				Base,
			);
			mainGroup = 3873E5972804C509000BCB03;
			packageReferences = (
				386DD8BD289E9C0A00E800B9 /* XCRemoteSwiftPackageReference "Factory" */,
			);
			productRefGroup = 3873E5A12804C509000BCB03 /* Products */;
			projectDirPath = "";
			projectRoot = "";
			targets = (
				3873E59F2804C509000BCB03 /* Phoenix */,
				3873E5B32804C50A000BCB03 /* PhoenixTests */,
				B233DB6728EB5BC000243D58 /* PhoenixUITests */,
			);
		};
/* End PBXProject section */

/* Begin PBXResourcesBuildPhase section */
		3873E59E2804C509000BCB03 /* Resources */ = {
			isa = PBXResourcesBuildPhase;
			buildActionMask = 2147483647;
			files = (
				3873E5AD2804C50A000BCB03 /* Preview Assets.xcassets in Resources */,
				3873E5AA2804C50A000BCB03 /* Assets.xcassets in Resources */,
			);
			runOnlyForDeploymentPostprocessing = 0;
		};
		3873E5B22804C50A000BCB03 /* Resources */ = {
			isa = PBXResourcesBuildPhase;
			buildActionMask = 2147483647;
			files = (
				38BCCCA02854B7E300E928CA /* file_1_0_0.ash in Resources */,
			);
			runOnlyForDeploymentPostprocessing = 0;
		};
		B233DB6628EB5BC000243D58 /* Resources */ = {
			isa = PBXResourcesBuildPhase;
			buildActionMask = 2147483647;
			files = (
			);
			runOnlyForDeploymentPostprocessing = 0;
		};
/* End PBXResourcesBuildPhase section */

/* Begin PBXSourcesBuildPhase section */
		3873E59C2804C509000BCB03 /* Sources */ = {
			isa = PBXSourcesBuildPhase;
			buildActionMask = 2147483647;
			files = (
				3853D2002839320B005E2FAE /* IdentifiableWithSubtypeAndValue.swift in Sources */,
				38E0B2FD2815766E00B5992D /* PhoenixDocument+Extension.swift in Sources */,
				38E0B2FF2815CC7D00B5992D /* RemoteDependencyView.swift in Sources */,
				B2E1D48029424C5500FF07DE /* GetAllDependenciesConfigurationUseCase.swift in Sources */,
				3880FEE82842216800ED0110 /* ConfigurationView.swift in Sources */,
				3810D8D32809C555006E7EE3 /* FamilySheet.swift in Sources */,
				38E2512F2837E508002FFA31 /* ComponentModuleTypeView.swift in Sources */,
				388DA8A8281863750066086A /* CustomMenu.swift in Sources */,
				3810D8CF28099B82006E7EE3 /* ComponentListItem.swift in Sources */,
				3873E5A62804C509000BCB03 /* PhoenixDocument+Extensions.swift in Sources */,
				38E251332837EC73002FFA31 /* FilterView.swift in Sources */,
				3873E5A42804C509000BCB03 /* PhoenixApp.swift in Sources */,
				3810D8CB2809811F006E7EE3 /* ComponentView.swift in Sources */,
				38E2512B2837E163002FFA31 /* ViewModel.swift in Sources */,
				B2E1D48529425CCB00FF07DE /* ViewModel+ComponentsList.swift in Sources */,
				388DA8A6281862630066086A /* CustomToggle.swift in Sources */,
				381855762819CACD00BF6696 /* ResourcesView.swift in Sources */,
				B291BD2628CA844A000D2149 /* CompositionRoot+Features.swift in Sources */,
				3873E5A82804C509000BCB03 /* ContentView.swift in Sources */,
				38E2513D28392CF9002FFA31 /* IdentifiableWithSubtype.swift in Sources */,
				B2C6310F28D39F7E00029B7F /* FilesURLDataStore.swift in Sources */,
				B216D3A32926F212005EDBB5 /* GetRelationViewDataUseCase.swift in Sources */,
				B216D3A12926EDC6005EDBB5 /* RelationView.swift in Sources */,
				38E0B2FA2815702E00B5992D /* ComponentDependenciesSheet.swift in Sources */,
				38C7D1492808B35300E2675B /* NewComponentSheet.swift in Sources */,
				38E251312837E96A002FFA31 /* PopoverView.swift in Sources */,
				3810D8CD280990AF006E7EE3 /* ComponentsList.swift in Sources */,
				38E2513F28392D18002FFA31 /* IdentifiableWithTitle.swift in Sources */,
				B29FDC5A2905725B006A0007 /* RemoteDependencySheet.swift in Sources */,
				38BCCC952854A0C000E928CA /* CompositionRoot.swift in Sources */,
				3853D202283968E1005E2FAE /* RemoteDependencyFormView.swift in Sources */,
				B21BF48D28EAD6E7007AAA0B /* CompositionRoot+AppVersion.swift in Sources */,
				B2E1D4822942556400FF07DE /* CompositionRoot+Domain.swift in Sources */,
			);
			runOnlyForDeploymentPostprocessing = 0;
		};
		3873E5B02804C50A000BCB03 /* Sources */ = {
			isa = PBXSourcesBuildPhase;
			buildActionMask = 2147483647;
			files = (
				38BCCC9D2854B51700E928CA /* PhoenixDocumentParsingTests.swift in Sources */,
			);
			runOnlyForDeploymentPostprocessing = 0;
		};
		B233DB6428EB5BC000243D58 /* Sources */ = {
			isa = PBXSourcesBuildPhase;
			buildActionMask = 2147483647;
			files = (
				B2F407CC28EB8C53007E7434 /* ConfigurationSheetIdentifiers.swift in Sources */,
				B2F407CA28EB8C40007E7434 /* NewComponentSheetIdentifiers.swift in Sources */,
				B2EFE83828ECC1AC005DBE78 /* DependenciesSheet.swift in Sources */,
				B2EFE83A28ECD0CE005DBE78 /* DependencyScreen.swift in Sources */,
				B2F407C828EB8C27007E7434 /* ToolbarIdentifiers.swift in Sources */,
				B2E1D48729425E8700FF07DE /* XCUIElement+Extensions.swift in Sources */,
				B233DB6B28EB5BC000243D58 /* PhoenixUITests.swift in Sources */,
				B2EFE83628ECC0CF005DBE78 /* ComponentScreen.swift in Sources */,
				B2F407C228EB8000007E7434 /* Screen.swift in Sources */,
				B2F407CF28EB94CC007E7434 /* ComponentsList.swift in Sources */,
				B2E6318528F2BF5400C71866 /* FamilySheet.swift in Sources */,
			);
			runOnlyForDeploymentPostprocessing = 0;
		};
/* End PBXSourcesBuildPhase section */

/* Begin PBXTargetDependency section */
		3873E5B62804C50A000BCB03 /* PBXTargetDependency */ = {
			isa = PBXTargetDependency;
			target = 3873E59F2804C509000BCB03 /* Phoenix */;
			targetProxy = 3873E5B52804C50A000BCB03 /* PBXContainerItemProxy */;
		};
		B233DB7228EB5BD100243D58 /* PBXTargetDependency */ = {
			isa = PBXTargetDependency;
			target = 3873E59F2804C509000BCB03 /* Phoenix */;
			targetProxy = B233DB7128EB5BD100243D58 /* PBXContainerItemProxy */;
		};
/* End PBXTargetDependency section */

/* Begin XCBuildConfiguration section */
		3873E5C62804C50A000BCB03 /* Debug */ = {
			isa = XCBuildConfiguration;
			buildSettings = {
				ALWAYS_SEARCH_USER_PATHS = NO;
				CLANG_ANALYZER_NONNULL = YES;
				CLANG_ANALYZER_NUMBER_OBJECT_CONVERSION = YES_AGGRESSIVE;
				CLANG_CXX_LANGUAGE_STANDARD = "gnu++17";
				CLANG_ENABLE_MODULES = YES;
				CLANG_ENABLE_OBJC_ARC = YES;
				CLANG_ENABLE_OBJC_WEAK = YES;
				CLANG_WARN_BLOCK_CAPTURE_AUTORELEASING = YES;
				CLANG_WARN_BOOL_CONVERSION = YES;
				CLANG_WARN_COMMA = YES;
				CLANG_WARN_CONSTANT_CONVERSION = YES;
				CLANG_WARN_DEPRECATED_OBJC_IMPLEMENTATIONS = YES;
				CLANG_WARN_DIRECT_OBJC_ISA_USAGE = YES_ERROR;
				CLANG_WARN_DOCUMENTATION_COMMENTS = YES;
				CLANG_WARN_EMPTY_BODY = YES;
				CLANG_WARN_ENUM_CONVERSION = YES;
				CLANG_WARN_INFINITE_RECURSION = YES;
				CLANG_WARN_INT_CONVERSION = YES;
				CLANG_WARN_NON_LITERAL_NULL_CONVERSION = YES;
				CLANG_WARN_OBJC_IMPLICIT_RETAIN_SELF = YES;
				CLANG_WARN_OBJC_LITERAL_CONVERSION = YES;
				CLANG_WARN_OBJC_ROOT_CLASS = YES_ERROR;
				CLANG_WARN_QUOTED_INCLUDE_IN_FRAMEWORK_HEADER = YES;
				CLANG_WARN_RANGE_LOOP_ANALYSIS = YES;
				CLANG_WARN_STRICT_PROTOTYPES = YES;
				CLANG_WARN_SUSPICIOUS_MOVE = YES;
				CLANG_WARN_UNGUARDED_AVAILABILITY = YES_AGGRESSIVE;
				CLANG_WARN_UNREACHABLE_CODE = YES;
				CLANG_WARN__DUPLICATE_METHOD_MATCH = YES;
				COPY_PHASE_STRIP = NO;
				DEAD_CODE_STRIPPING = YES;
				DEBUG_INFORMATION_FORMAT = dwarf;
				ENABLE_STRICT_OBJC_MSGSEND = YES;
				ENABLE_TESTABILITY = YES;
				GCC_C_LANGUAGE_STANDARD = gnu11;
				GCC_DYNAMIC_NO_PIC = NO;
				GCC_NO_COMMON_BLOCKS = YES;
				GCC_OPTIMIZATION_LEVEL = 0;
				GCC_PREPROCESSOR_DEFINITIONS = (
					"DEBUG=1",
					"$(inherited)",
				);
				GCC_WARN_64_TO_32_BIT_CONVERSION = YES;
				GCC_WARN_ABOUT_RETURN_TYPE = YES_ERROR;
				GCC_WARN_UNDECLARED_SELECTOR = YES;
				GCC_WARN_UNINITIALIZED_AUTOS = YES_AGGRESSIVE;
				GCC_WARN_UNUSED_FUNCTION = YES;
				GCC_WARN_UNUSED_VARIABLE = YES;
				MACOSX_DEPLOYMENT_TARGET = 12.3;
				MTL_ENABLE_DEBUG_INFO = INCLUDE_SOURCE;
				MTL_FAST_MATH = YES;
				ONLY_ACTIVE_ARCH = YES;
				SDKROOT = macosx;
				SWIFT_ACTIVE_COMPILATION_CONDITIONS = DEBUG;
				SWIFT_OPTIMIZATION_LEVEL = "-Onone";
			};
			name = Debug;
		};
		3873E5C72804C50A000BCB03 /* Release */ = {
			isa = XCBuildConfiguration;
			buildSettings = {
				ALWAYS_SEARCH_USER_PATHS = NO;
				CLANG_ANALYZER_NONNULL = YES;
				CLANG_ANALYZER_NUMBER_OBJECT_CONVERSION = YES_AGGRESSIVE;
				CLANG_CXX_LANGUAGE_STANDARD = "gnu++17";
				CLANG_ENABLE_MODULES = YES;
				CLANG_ENABLE_OBJC_ARC = YES;
				CLANG_ENABLE_OBJC_WEAK = YES;
				CLANG_WARN_BLOCK_CAPTURE_AUTORELEASING = YES;
				CLANG_WARN_BOOL_CONVERSION = YES;
				CLANG_WARN_COMMA = YES;
				CLANG_WARN_CONSTANT_CONVERSION = YES;
				CLANG_WARN_DEPRECATED_OBJC_IMPLEMENTATIONS = YES;
				CLANG_WARN_DIRECT_OBJC_ISA_USAGE = YES_ERROR;
				CLANG_WARN_DOCUMENTATION_COMMENTS = YES;
				CLANG_WARN_EMPTY_BODY = YES;
				CLANG_WARN_ENUM_CONVERSION = YES;
				CLANG_WARN_INFINITE_RECURSION = YES;
				CLANG_WARN_INT_CONVERSION = YES;
				CLANG_WARN_NON_LITERAL_NULL_CONVERSION = YES;
				CLANG_WARN_OBJC_IMPLICIT_RETAIN_SELF = YES;
				CLANG_WARN_OBJC_LITERAL_CONVERSION = YES;
				CLANG_WARN_OBJC_ROOT_CLASS = YES_ERROR;
				CLANG_WARN_QUOTED_INCLUDE_IN_FRAMEWORK_HEADER = YES;
				CLANG_WARN_RANGE_LOOP_ANALYSIS = YES;
				CLANG_WARN_STRICT_PROTOTYPES = YES;
				CLANG_WARN_SUSPICIOUS_MOVE = YES;
				CLANG_WARN_UNGUARDED_AVAILABILITY = YES_AGGRESSIVE;
				CLANG_WARN_UNREACHABLE_CODE = YES;
				CLANG_WARN__DUPLICATE_METHOD_MATCH = YES;
				COPY_PHASE_STRIP = NO;
				DEAD_CODE_STRIPPING = YES;
				DEBUG_INFORMATION_FORMAT = "dwarf-with-dsym";
				ENABLE_NS_ASSERTIONS = NO;
				ENABLE_STRICT_OBJC_MSGSEND = YES;
				GCC_C_LANGUAGE_STANDARD = gnu11;
				GCC_NO_COMMON_BLOCKS = YES;
				GCC_WARN_64_TO_32_BIT_CONVERSION = YES;
				GCC_WARN_ABOUT_RETURN_TYPE = YES_ERROR;
				GCC_WARN_UNDECLARED_SELECTOR = YES;
				GCC_WARN_UNINITIALIZED_AUTOS = YES_AGGRESSIVE;
				GCC_WARN_UNUSED_FUNCTION = YES;
				GCC_WARN_UNUSED_VARIABLE = YES;
				MACOSX_DEPLOYMENT_TARGET = 12.3;
				MTL_ENABLE_DEBUG_INFO = NO;
				MTL_FAST_MATH = YES;
				SDKROOT = macosx;
				SWIFT_COMPILATION_MODE = wholemodule;
				SWIFT_OPTIMIZATION_LEVEL = "-O";
			};
			name = Release;
		};
		3873E5C92804C50A000BCB03 /* Debug */ = {
			isa = XCBuildConfiguration;
			buildSettings = {
				ALWAYS_EMBED_SWIFT_STANDARD_LIBRARIES = YES;
				ASSETCATALOG_COMPILER_APPICON_NAME = AppIcon;
				ASSETCATALOG_COMPILER_GLOBAL_ACCENT_COLOR_NAME = AccentColor;
				ASSETCATALOG_COMPILER_INCLUDE_ALL_APPICON_ASSETS = YES;
				CODE_SIGN_ENTITLEMENTS = Phoenix/Phoenix.entitlements;
				CODE_SIGN_IDENTITY = "-";
				CODE_SIGN_STYLE = Automatic;
				COMBINE_HIDPI_IMAGES = YES;
				CURRENT_PROJECT_VERSION = 10;
				DEAD_CODE_STRIPPING = YES;
				DEVELOPMENT_ASSET_PATHS = "\"Phoenix/Preview Content\"";
				DEVELOPMENT_TEAM = DWW2N9PN49;
				ENABLE_HARDENED_RUNTIME = NO;
				ENABLE_PREVIEWS = YES;
				GENERATE_INFOPLIST_FILE = YES;
				INFOPLIST_FILE = Phoenix/Info.plist;
				INFOPLIST_KEY_CFBundleDisplayName = Phoenix;
				INFOPLIST_KEY_LSApplicationCategoryType = "public.app-category.developer-tools";
				INFOPLIST_KEY_NSHumanReadableCopyright = "";
				LD_RUNPATH_SEARCH_PATHS = (
					"$(inherited)",
					"@executable_path/../Frameworks",
				);
				MARKETING_VERSION = 3.0.3;
				PRODUCT_BUNDLE_IDENTIFIER = com.tawanicolas.phoenix;
				PRODUCT_NAME = "$(TARGET_NAME)";
				SWIFT_EMIT_LOC_STRINGS = YES;
				SWIFT_VERSION = 5.0;
			};
			name = Debug;
		};
		3873E5CA2804C50A000BCB03 /* Release */ = {
			isa = XCBuildConfiguration;
			buildSettings = {
				ALWAYS_EMBED_SWIFT_STANDARD_LIBRARIES = YES;
				ASSETCATALOG_COMPILER_APPICON_NAME = AppIcon;
				ASSETCATALOG_COMPILER_GLOBAL_ACCENT_COLOR_NAME = AccentColor;
				ASSETCATALOG_COMPILER_INCLUDE_ALL_APPICON_ASSETS = YES;
				CODE_SIGN_ENTITLEMENTS = Phoenix/PhoenixRelease.entitlements;
				CODE_SIGN_IDENTITY = "-";
				CODE_SIGN_STYLE = Automatic;
				COMBINE_HIDPI_IMAGES = YES;
				CURRENT_PROJECT_VERSION = 10;
				DEAD_CODE_STRIPPING = YES;
				DEVELOPMENT_ASSET_PATHS = "\"Phoenix/Preview Content\"";
				DEVELOPMENT_TEAM = DWW2N9PN49;
				ENABLE_HARDENED_RUNTIME = NO;
				ENABLE_PREVIEWS = YES;
				GENERATE_INFOPLIST_FILE = YES;
				INFOPLIST_FILE = Phoenix/Info.plist;
				INFOPLIST_KEY_CFBundleDisplayName = Phoenix;
				INFOPLIST_KEY_LSApplicationCategoryType = "public.app-category.developer-tools";
				INFOPLIST_KEY_NSHumanReadableCopyright = "";
				LD_RUNPATH_SEARCH_PATHS = (
					"$(inherited)",
					"@executable_path/../Frameworks",
				);
				MARKETING_VERSION = 3.0.3;
				PRODUCT_BUNDLE_IDENTIFIER = com.tawanicolas.phoenix;
				PRODUCT_NAME = "$(TARGET_NAME)";
				SWIFT_EMIT_LOC_STRINGS = YES;
				SWIFT_VERSION = 5.0;
			};
			name = Release;
		};
		3873E5CC2804C50A000BCB03 /* Debug */ = {
			isa = XCBuildConfiguration;
			buildSettings = {
				ALWAYS_EMBED_SWIFT_STANDARD_LIBRARIES = YES;
				ASSETCATALOG_COMPILER_APPICON_NAME = AppIcon;
				CLANG_ENABLE_MODULES = YES;
				CODE_SIGN_STYLE = Automatic;
				CURRENT_PROJECT_VERSION = 9;
				DEAD_CODE_STRIPPING = YES;
				DEVELOPMENT_TEAM = DWW2N9PN49;
				ENABLE_HARDENED_RUNTIME = YES;
				GENERATE_INFOPLIST_FILE = YES;
				INFOPLIST_KEY_CFBundleDisplayName = Phoenix;
				LD_RUNPATH_SEARCH_PATHS = (
					"$(inherited)",
					"@executable_path/../Frameworks",
					"@loader_path/../Frameworks",
				);
				MACOSX_DEPLOYMENT_TARGET = 12.3;
				MARKETING_VERSION = 1.0.7;
				PRODUCT_BUNDLE_IDENTIFIER = com.tawanicolas.PhoenixTests;
				PRODUCT_NAME = "$(TARGET_NAME)";
				SWIFT_EMIT_LOC_STRINGS = NO;
				SWIFT_OPTIMIZATION_LEVEL = "-Onone";
				SWIFT_VERSION = 5.0;
				TEST_HOST = "$(BUNDLE_LOADER)";
			};
			name = Debug;
		};
		3873E5CD2804C50A000BCB03 /* Release */ = {
			isa = XCBuildConfiguration;
			buildSettings = {
				ALWAYS_EMBED_SWIFT_STANDARD_LIBRARIES = YES;
				ASSETCATALOG_COMPILER_APPICON_NAME = AppIcon;
				CLANG_ENABLE_MODULES = YES;
				CODE_SIGN_STYLE = Automatic;
				CURRENT_PROJECT_VERSION = 9;
				DEAD_CODE_STRIPPING = YES;
				DEVELOPMENT_TEAM = DWW2N9PN49;
				ENABLE_HARDENED_RUNTIME = YES;
				GENERATE_INFOPLIST_FILE = YES;
				INFOPLIST_KEY_CFBundleDisplayName = Phoenix;
				LD_RUNPATH_SEARCH_PATHS = (
					"$(inherited)",
					"@executable_path/../Frameworks",
					"@loader_path/../Frameworks",
				);
				MACOSX_DEPLOYMENT_TARGET = 12.3;
				MARKETING_VERSION = 1.0.7;
				PRODUCT_BUNDLE_IDENTIFIER = com.tawanicolas.PhoenixTests;
				PRODUCT_NAME = "$(TARGET_NAME)";
				SWIFT_EMIT_LOC_STRINGS = NO;
				SWIFT_VERSION = 5.0;
				TEST_HOST = "$(BUNDLE_LOADER)";
			};
			name = Release;
		};
		B233DB6E28EB5BC000243D58 /* Debug */ = {
			isa = XCBuildConfiguration;
			buildSettings = {
				CLANG_CXX_LANGUAGE_STANDARD = "gnu++20";
				CODE_SIGN_STYLE = Automatic;
				CURRENT_PROJECT_VERSION = 1;
				DEVELOPMENT_TEAM = DWW2N9PN49;
				GENERATE_INFOPLIST_FILE = YES;
				IPHONEOS_DEPLOYMENT_TARGET = 16.0;
				MARKETING_VERSION = 1.0;
				PRODUCT_BUNDLE_IDENTIFIER = com.tawanicolas.PhoenixUITests;
				PRODUCT_NAME = "$(TARGET_NAME)";
				SDKROOT = iphoneos;
				SUPPORTED_PLATFORMS = macosx;
				SUPPORTS_MACCATALYST = NO;
				SUPPORTS_MAC_DESIGNED_FOR_IPHONE_IPAD = NO;
				SWIFT_EMIT_LOC_STRINGS = NO;
				SWIFT_VERSION = 5.0;
				TEST_TARGET_NAME = Phoenix;
			};
			name = Debug;
		};
		B233DB6F28EB5BC000243D58 /* Release */ = {
			isa = XCBuildConfiguration;
			buildSettings = {
				CLANG_CXX_LANGUAGE_STANDARD = "gnu++20";
				CODE_SIGN_STYLE = Automatic;
				CURRENT_PROJECT_VERSION = 1;
				DEVELOPMENT_TEAM = DWW2N9PN49;
				GENERATE_INFOPLIST_FILE = YES;
				IPHONEOS_DEPLOYMENT_TARGET = 16.0;
				MARKETING_VERSION = 1.0;
				PRODUCT_BUNDLE_IDENTIFIER = com.tawanicolas.PhoenixUITests;
				PRODUCT_NAME = "$(TARGET_NAME)";
				SDKROOT = iphoneos;
				SUPPORTED_PLATFORMS = macosx;
				SUPPORTS_MACCATALYST = NO;
				SUPPORTS_MAC_DESIGNED_FOR_IPHONE_IPAD = NO;
				SWIFT_EMIT_LOC_STRINGS = NO;
				SWIFT_VERSION = 5.0;
				TEST_TARGET_NAME = Phoenix;
				VALIDATE_PRODUCT = YES;
			};
			name = Release;
		};
/* End XCBuildConfiguration section */

/* Begin XCConfigurationList section */
		3873E59B2804C509000BCB03 /* Build configuration list for PBXProject "Phoenix" */ = {
			isa = XCConfigurationList;
			buildConfigurations = (
				3873E5C62804C50A000BCB03 /* Debug */,
				3873E5C72804C50A000BCB03 /* Release */,
			);
			defaultConfigurationIsVisible = 0;
			defaultConfigurationName = Release;
		};
		3873E5C82804C50A000BCB03 /* Build configuration list for PBXNativeTarget "Phoenix" */ = {
			isa = XCConfigurationList;
			buildConfigurations = (
				3873E5C92804C50A000BCB03 /* Debug */,
				3873E5CA2804C50A000BCB03 /* Release */,
			);
			defaultConfigurationIsVisible = 0;
			defaultConfigurationName = Release;
		};
		3873E5CB2804C50A000BCB03 /* Build configuration list for PBXNativeTarget "PhoenixTests" */ = {
			isa = XCConfigurationList;
			buildConfigurations = (
				3873E5CC2804C50A000BCB03 /* Debug */,
				3873E5CD2804C50A000BCB03 /* Release */,
			);
			defaultConfigurationIsVisible = 0;
			defaultConfigurationName = Release;
		};
		B233DB7028EB5BC000243D58 /* Build configuration list for PBXNativeTarget "PhoenixUITests" */ = {
			isa = XCConfigurationList;
			buildConfigurations = (
				B233DB6E28EB5BC000243D58 /* Debug */,
				B233DB6F28EB5BC000243D58 /* Release */,
			);
			defaultConfigurationIsVisible = 0;
			defaultConfigurationName = Release;
		};
/* End XCConfigurationList section */

/* Begin XCRemoteSwiftPackageReference section */
		386DD8BD289E9C0A00E800B9 /* XCRemoteSwiftPackageReference "Factory" */ = {
			isa = XCRemoteSwiftPackageReference;
			repositoryURL = "https://github.com/hmlongco/Factory";
			requirement = {
				kind = upToNextMajorVersion;
				minimumVersion = 1.0.0;
			};
		};
/* End XCRemoteSwiftPackageReference section */

/* Begin XCSwiftPackageProductDependency section */
		386DD8BE289E9C0A00E800B9 /* Factory */ = {
			isa = XCSwiftPackageProductDependency;
			package = 386DD8BD289E9C0A00E800B9 /* XCRemoteSwiftPackageReference "Factory" */;
			productName = Factory;
		};
		388B77F02857D2990038D4F4 /* PhoenixDocument */ = {
			isa = XCSwiftPackageProductDependency;
			productName = PhoenixDocument;
		};
		388B77F82857D4CE0038D4F4 /* DocumentCoder */ = {
			isa = XCSwiftPackageProductDependency;
			productName = DocumentCoder;
		};
		38BCCC9128549BAE00E928CA /* AppVersionProvider */ = {
			isa = XCSwiftPackageProductDependency;
			productName = AppVersionProvider;
		};
		B213A90C28C7CA13005AFC91 /* ProjectGenerator */ = {
			isa = XCSwiftPackageProductDependency;
			productName = ProjectGenerator;
		};
		B224D9AB28C3CCA300997F80 /* PhoenixViews */ = {
			isa = XCSwiftPackageProductDependency;
			productName = PhoenixViews;
		};
		B22AFDA728B9528400C471A4 /* DemoAppGenerator */ = {
			isa = XCSwiftPackageProductDependency;
			productName = DemoAppGenerator;
		};
		B233D86428DBACFB0061BA7A /* ComponentDetailsProvider */ = {
			isa = XCSwiftPackageProductDependency;
			productName = ComponentDetailsProvider;
		};
		B23F1A0F28D64A4C00933FC4 /* SwiftPackage */ = {
			isa = XCSwiftPackageProductDependency;
			productName = SwiftPackage;
		};
		B266B0B428BA8BF900778F3A /* RelativeURLProvider */ = {
			isa = XCSwiftPackageProductDependency;
			productName = RelativeURLProvider;
		};
		B291BD2228CA83A0000D2149 /* DemoAppFeature */ = {
			isa = XCSwiftPackageProductDependency;
			productName = DemoAppFeature;
		};
		B2CC2B5928BAC12200848D93 /* PackageGenerator */ = {
			isa = XCSwiftPackageProductDependency;
			productName = PackageGenerator;
		};
		B2CC2B5B28BAC21900848D93 /* PackageStringProvider */ = {
			isa = XCSwiftPackageProductDependency;
			productName = PackageStringProvider;
		};
		B2F407C328EB8136007E7434 /* AccessibilityIdentifiers */ = {
			isa = XCSwiftPackageProductDependency;
			productName = AccessibilityIdentifiers;
		};
		B2F407C528EB8331007E7434 /* AccessibilityIdentifiers */ = {
			isa = XCSwiftPackageProductDependency;
			productName = AccessibilityIdentifiers;
		};
		B2F5B85428C143A600282672 /* PBXProjectSyncer */ = {
			isa = XCSwiftPackageProductDependency;
			productName = PBXProjectSyncer;
		};
/* End XCSwiftPackageProductDependency section */
	};
	rootObject = 3873E5982804C509000BCB03 /* Project object */;
}
