// !$*UTF8*$!
{
	archiveVersion = 1;
	classes = {
	};
	objectVersion = 55;
	objects = {

/* Begin PBXBuildFile section */
		3810D8CB2809811F006E7EE3 /* ComponentView.swift in Sources */ = {isa = PBXBuildFile; fileRef = 3810D8CA2809811F006E7EE3 /* ComponentView.swift */; };
		3810D8CD280990AF006E7EE3 /* ComponentsList.swift in Sources */ = {isa = PBXBuildFile; fileRef = 3810D8CC280990AF006E7EE3 /* ComponentsList.swift */; };
		3810D8CF28099B82006E7EE3 /* ComponentListItem.swift in Sources */ = {isa = PBXBuildFile; fileRef = 3810D8CE28099B82006E7EE3 /* ComponentListItem.swift */; };
		3810D8D32809C555006E7EE3 /* FamilyPopover.swift in Sources */ = {isa = PBXBuildFile; fileRef = 3810D8D22809C555006E7EE3 /* FamilyPopover.swift */; };
		3810D8DF280B4ADD006E7EE3 /* DependencyView.swift in Sources */ = {isa = PBXBuildFile; fileRef = 3810D8DE280B4ADD006E7EE3 /* DependencyView.swift */; };
		381855762819CACD00BF6696 /* DynamicTextFieldList.swift in Sources */ = {isa = PBXBuildFile; fileRef = 381855752819CACD00BF6696 /* DynamicTextFieldList.swift */; };
		3853D2002839320B005E2FAE /* IdentifiableWithSubtypeAndValue.swift in Sources */ = {isa = PBXBuildFile; fileRef = 3853D1FF2839320B005E2FAE /* IdentifiableWithSubtypeAndValue.swift */; };
		3853D202283968E1005E2FAE /* RemoteDependencyFormView.swift in Sources */ = {isa = PBXBuildFile; fileRef = 3853D201283968E1005E2FAE /* RemoteDependencyFormView.swift */; };
		386DD8BF289E9C0A00E800B9 /* Factory in Frameworks */ = {isa = PBXBuildFile; productRef = 386DD8BE289E9C0A00E800B9 /* Factory */; };
		3873E5A42804C509000BCB03 /* PhoenixApp.swift in Sources */ = {isa = PBXBuildFile; fileRef = 3873E5A32804C509000BCB03 /* PhoenixApp.swift */; };
		3873E5A62804C509000BCB03 /* PhoenixDocument+Extensions.swift in Sources */ = {isa = PBXBuildFile; fileRef = 3873E5A52804C509000BCB03 /* PhoenixDocument+Extensions.swift */; };
		3873E5A82804C509000BCB03 /* ContentView.swift in Sources */ = {isa = PBXBuildFile; fileRef = 3873E5A72804C509000BCB03 /* ContentView.swift */; };
		3873E5AA2804C50A000BCB03 /* Assets.xcassets in Resources */ = {isa = PBXBuildFile; fileRef = 3873E5A92804C50A000BCB03 /* Assets.xcassets */; };
		3873E5AD2804C50A000BCB03 /* Preview Assets.xcassets in Resources */ = {isa = PBXBuildFile; fileRef = 3873E5AC2804C50A000BCB03 /* Preview Assets.xcassets */; };
		3880FEE82842216800ED0110 /* ConfigurationView.swift in Sources */ = {isa = PBXBuildFile; fileRef = 3880FEE72842216800ED0110 /* ConfigurationView.swift */; };
		388B77F12857D2990038D4F4 /* PhoenixDocument in Frameworks */ = {isa = PBXBuildFile; productRef = 388B77F02857D2990038D4F4 /* PhoenixDocument */; };
		388B77F42857D46C0038D4F4 /* DocumentCoderContract in Resources */ = {isa = PBXBuildFile; fileRef = 388B77F32857D46C0038D4F4 /* DocumentCoderContract */; };
		388B77F72857D4730038D4F4 /* DocumentCoder in Resources */ = {isa = PBXBuildFile; fileRef = 388B77F62857D4730038D4F4 /* DocumentCoder */; };
		388B77F92857D4CE0038D4F4 /* DocumentCoder in Frameworks */ = {isa = PBXBuildFile; productRef = 388B77F82857D4CE0038D4F4 /* DocumentCoder */; };
		388DA8A6281862630066086A /* CustomToggle.swift in Sources */ = {isa = PBXBuildFile; fileRef = 388DA8A5281862630066086A /* CustomToggle.swift */; };
		388DA8A8281863750066086A /* CustomMenu.swift in Sources */ = {isa = PBXBuildFile; fileRef = 388DA8A7281863750066086A /* CustomMenu.swift */; };
		38BCCC89285490E600E928CA /* AppVersionProviderContract in Resources */ = {isa = PBXBuildFile; fileRef = 38BCCC85285490E600E928CA /* AppVersionProviderContract */; };
		38BCCC8A285490E600E928CA /* AppVersionProvider in Resources */ = {isa = PBXBuildFile; fileRef = 38BCCC87285490E600E928CA /* AppVersionProvider */; };
		38BCCC9228549BAE00E928CA /* AppVersionProvider in Frameworks */ = {isa = PBXBuildFile; productRef = 38BCCC9128549BAE00E928CA /* AppVersionProvider */; };
		38BCCC952854A0C000E928CA /* CompositionRoot.swift in Sources */ = {isa = PBXBuildFile; fileRef = 38BCCC942854A0C000E928CA /* CompositionRoot.swift */; };
		38BCCC9D2854B51700E928CA /* PhoenixDocumentParsingTests.swift in Sources */ = {isa = PBXBuildFile; fileRef = 38BCCC9C2854B51700E928CA /* PhoenixDocumentParsingTests.swift */; };
		38BCCCA02854B7E300E928CA /* file_1_0_0.ash in Resources */ = {isa = PBXBuildFile; fileRef = 38BCCC9F2854B7E300E928CA /* file_1_0_0.ash */; };
		38C7D13B2808864700E2675B /* Package in Frameworks */ = {isa = PBXBuildFile; productRef = 38C7D13A2808864700E2675B /* Package */; };
		38C7D1492808B35300E2675B /* NewComponentPopover.swift in Sources */ = {isa = PBXBuildFile; fileRef = 38C7D1482808B35300E2675B /* NewComponentPopover.swift */; };
		38E0B2FA2815702E00B5992D /* ComponentDependenciesPopover.swift in Sources */ = {isa = PBXBuildFile; fileRef = 38E0B2F92815702E00B5992D /* ComponentDependenciesPopover.swift */; };
		38E0B2FD2815766E00B5992D /* PhoenixDocumentStore.swift in Sources */ = {isa = PBXBuildFile; fileRef = 38E0B2FC2815766E00B5992D /* PhoenixDocumentStore.swift */; };
		38E0B2FF2815CC7D00B5992D /* RemoteDependencyView.swift in Sources */ = {isa = PBXBuildFile; fileRef = 38E0B2FE2815CC7D00B5992D /* RemoteDependencyView.swift */; };
		38E2512B2837E163002FFA31 /* ViewModel.swift in Sources */ = {isa = PBXBuildFile; fileRef = 38E2512A2837E163002FFA31 /* ViewModel.swift */; };
		38E2512F2837E508002FFA31 /* ComponentModuleTypeView.swift in Sources */ = {isa = PBXBuildFile; fileRef = 38E2512E2837E508002FFA31 /* ComponentModuleTypeView.swift */; };
		38E251312837E96A002FFA31 /* PopoverView.swift in Sources */ = {isa = PBXBuildFile; fileRef = 38E251302837E96A002FFA31 /* PopoverView.swift */; };
		38E251332837EC73002FFA31 /* FilterView.swift in Sources */ = {isa = PBXBuildFile; fileRef = 38E251322837EC73002FFA31 /* FilterView.swift */; };
		38E251352837F58A002FFA31 /* LazySubmitTextField.swift in Sources */ = {isa = PBXBuildFile; fileRef = 38E251342837F58A002FFA31 /* LazySubmitTextField.swift */; };
		38E2513D28392CF9002FFA31 /* IdentifiableWithSubtype.swift in Sources */ = {isa = PBXBuildFile; fileRef = 38E2513C28392CF9002FFA31 /* IdentifiableWithSubtype.swift */; };
		38E2513F28392D18002FFA31 /* IdentifiableWithTitle.swift in Sources */ = {isa = PBXBuildFile; fileRef = 38E2513E28392D18002FFA31 /* IdentifiableWithTitle.swift */; };
		B22AFDA328B9506000C471A4 /* DemoAppGeneratorContract in Resources */ = {isa = PBXBuildFile; fileRef = B22AFDA228B9506000C471A4 /* DemoAppGeneratorContract */; };
		B22AFDA628B9507500C471A4 /* DemoAppGenerator in Resources */ = {isa = PBXBuildFile; fileRef = B22AFDA528B9507500C471A4 /* DemoAppGenerator */; };
		B22AFDA828B9528400C471A4 /* DemoAppGenerator in Frameworks */ = {isa = PBXBuildFile; productRef = B22AFDA728B9528400C471A4 /* DemoAppGenerator */; };
		B266B0B528BA8BF900778F3A /* RelativeURLProvider in Frameworks */ = {isa = PBXBuildFile; productRef = B266B0B428BA8BF900778F3A /* RelativeURLProvider */; };
		B2A5359328B80CD6002AF707 /* Modules.ash in Resources */ = {isa = PBXBuildFile; fileRef = B2A5359228B80CD6002AF707 /* Modules.ash */; };
		B2BDAE5A28C11AF00036FA9D /* ComponentPackagesProvider in Frameworks */ = {isa = PBXBuildFile; productRef = B2BDAE5928C11AF00036FA9D /* ComponentPackagesProvider */; };
		B2BDAE5C28C11D4F0036FA9D /* PackagePathProvider in Frameworks */ = {isa = PBXBuildFile; productRef = B2BDAE5B28C11D4F0036FA9D /* PackagePathProvider */; };
		B2CC2B5A28BAC12200848D93 /* PackageGenerator in Frameworks */ = {isa = PBXBuildFile; productRef = B2CC2B5928BAC12200848D93 /* PackageGenerator */; };
		B2CC2B5C28BAC21900848D93 /* PackageStringProvider in Frameworks */ = {isa = PBXBuildFile; productRef = B2CC2B5B28BAC21900848D93 /* PackageStringProvider */; };
/* End PBXBuildFile section */

/* Begin PBXContainerItemProxy section */
		3873E5B52804C50A000BCB03 /* PBXContainerItemProxy */ = {
			isa = PBXContainerItemProxy;
			containerPortal = 3873E5982804C509000BCB03 /* Project object */;
			proxyType = 1;
			remoteGlobalIDString = 3873E59F2804C509000BCB03;
			remoteInfo = Phoenix;
		};
/* End PBXContainerItemProxy section */

/* Begin PBXCopyFilesBuildPhase section */
		38C7D139280884B000E2675B /* Embed Frameworks */ = {
			isa = PBXCopyFilesBuildPhase;
			buildActionMask = 12;
			dstPath = "";
			dstSubfolderSpec = 10;
			files = (
			);
			name = "Embed Frameworks";
			runOnlyForDeploymentPostprocessing = 0;
		};
/* End PBXCopyFilesBuildPhase section */

/* Begin PBXFileReference section */
		3810D8CA2809811F006E7EE3 /* ComponentView.swift */ = {isa = PBXFileReference; lastKnownFileType = sourcecode.swift; path = ComponentView.swift; sourceTree = "<group>"; };
		3810D8CC280990AF006E7EE3 /* ComponentsList.swift */ = {isa = PBXFileReference; lastKnownFileType = sourcecode.swift; path = ComponentsList.swift; sourceTree = "<group>"; };
		3810D8CE28099B82006E7EE3 /* ComponentListItem.swift */ = {isa = PBXFileReference; lastKnownFileType = sourcecode.swift; path = ComponentListItem.swift; sourceTree = "<group>"; };
		3810D8D22809C555006E7EE3 /* FamilyPopover.swift */ = {isa = PBXFileReference; lastKnownFileType = sourcecode.swift; path = FamilyPopover.swift; sourceTree = "<group>"; };
		3810D8DE280B4ADD006E7EE3 /* DependencyView.swift */ = {isa = PBXFileReference; lastKnownFileType = sourcecode.swift; path = DependencyView.swift; sourceTree = "<group>"; };
		381855752819CACD00BF6696 /* DynamicTextFieldList.swift */ = {isa = PBXFileReference; lastKnownFileType = sourcecode.swift; name = DynamicTextFieldList.swift; path = Reusable/DynamicTextFieldList.swift; sourceTree = "<group>"; };
		3853D1FF2839320B005E2FAE /* IdentifiableWithSubtypeAndValue.swift */ = {isa = PBXFileReference; lastKnownFileType = sourcecode.swift; path = IdentifiableWithSubtypeAndValue.swift; sourceTree = "<group>"; };
		3853D201283968E1005E2FAE /* RemoteDependencyFormView.swift */ = {isa = PBXFileReference; lastKnownFileType = sourcecode.swift; path = RemoteDependencyFormView.swift; sourceTree = "<group>"; };
		3873E5A02804C509000BCB03 /* Phoenix.app */ = {isa = PBXFileReference; explicitFileType = wrapper.application; includeInIndex = 0; path = Phoenix.app; sourceTree = BUILT_PRODUCTS_DIR; };
		3873E5A32804C509000BCB03 /* PhoenixApp.swift */ = {isa = PBXFileReference; lastKnownFileType = sourcecode.swift; path = PhoenixApp.swift; sourceTree = "<group>"; };
		3873E5A52804C509000BCB03 /* PhoenixDocument+Extensions.swift */ = {isa = PBXFileReference; lastKnownFileType = sourcecode.swift; path = "PhoenixDocument+Extensions.swift"; sourceTree = "<group>"; };
		3873E5A72804C509000BCB03 /* ContentView.swift */ = {isa = PBXFileReference; lastKnownFileType = sourcecode.swift; path = ContentView.swift; sourceTree = "<group>"; };
		3873E5A92804C50A000BCB03 /* Assets.xcassets */ = {isa = PBXFileReference; lastKnownFileType = folder.assetcatalog; path = Assets.xcassets; sourceTree = "<group>"; };
		3873E5AC2804C50A000BCB03 /* Preview Assets.xcassets */ = {isa = PBXFileReference; lastKnownFileType = folder.assetcatalog; path = "Preview Assets.xcassets"; sourceTree = "<group>"; };
		3873E5AE2804C50A000BCB03 /* Info.plist */ = {isa = PBXFileReference; lastKnownFileType = text.plist.xml; path = Info.plist; sourceTree = "<group>"; };
		3873E5AF2804C50A000BCB03 /* Phoenix.entitlements */ = {isa = PBXFileReference; lastKnownFileType = text.plist.entitlements; path = Phoenix.entitlements; sourceTree = "<group>"; };
		3873E5B42804C50A000BCB03 /* PhoenixTests.xctest */ = {isa = PBXFileReference; explicitFileType = wrapper.cfbundle; includeInIndex = 0; path = PhoenixTests.xctest; sourceTree = BUILT_PRODUCTS_DIR; };
		3880FEE72842216800ED0110 /* ConfigurationView.swift */ = {isa = PBXFileReference; lastKnownFileType = sourcecode.swift; path = ConfigurationView.swift; sourceTree = "<group>"; };
		388B77EF2857D2360038D4F4 /* PhoenixDocument */ = {isa = PBXFileReference; lastKnownFileType = wrapper; path = PhoenixDocument; sourceTree = "<group>"; };
		388B77F32857D46C0038D4F4 /* DocumentCoderContract */ = {isa = PBXFileReference; lastKnownFileType = wrapper; path = DocumentCoderContract; sourceTree = "<group>"; };
		388B77F62857D4730038D4F4 /* DocumentCoder */ = {isa = PBXFileReference; lastKnownFileType = wrapper; path = DocumentCoder; sourceTree = "<group>"; };
		388DA8A5281862630066086A /* CustomToggle.swift */ = {isa = PBXFileReference; lastKnownFileType = sourcecode.swift; path = CustomToggle.swift; sourceTree = "<group>"; };
		388DA8A7281863750066086A /* CustomMenu.swift */ = {isa = PBXFileReference; lastKnownFileType = sourcecode.swift; path = CustomMenu.swift; sourceTree = "<group>"; };
		38BCCC85285490E600E928CA /* AppVersionProviderContract */ = {isa = PBXFileReference; lastKnownFileType = wrapper; path = AppVersionProviderContract; sourceTree = "<group>"; };
		38BCCC87285490E600E928CA /* AppVersionProvider */ = {isa = PBXFileReference; lastKnownFileType = wrapper; path = AppVersionProvider; sourceTree = "<group>"; };
		38BCCC942854A0C000E928CA /* CompositionRoot.swift */ = {isa = PBXFileReference; lastKnownFileType = sourcecode.swift; path = CompositionRoot.swift; sourceTree = "<group>"; };
		38BCCC9C2854B51700E928CA /* PhoenixDocumentParsingTests.swift */ = {isa = PBXFileReference; lastKnownFileType = sourcecode.swift; path = PhoenixDocumentParsingTests.swift; sourceTree = "<group>"; };
		38BCCC9F2854B7E300E928CA /* file_1_0_0.ash */ = {isa = PBXFileReference; lastKnownFileType = wrapper; path = file_1_0_0.ash; sourceTree = "<group>"; };
		38BDE16528665DBF00275947 /* DependencyGraphView */ = {isa = PBXFileReference; lastKnownFileType = wrapper; path = DependencyGraphView; sourceTree = "<group>"; };
		38C7D13428087FA800E2675B /* Package */ = {isa = PBXFileReference; lastKnownFileType = wrapper; path = Package; sourceTree = "<group>"; };
		38C7D1482808B35300E2675B /* NewComponentPopover.swift */ = {isa = PBXFileReference; lastKnownFileType = sourcecode.swift; path = NewComponentPopover.swift; sourceTree = "<group>"; };
		38E0B2F92815702E00B5992D /* ComponentDependenciesPopover.swift */ = {isa = PBXFileReference; lastKnownFileType = sourcecode.swift; path = ComponentDependenciesPopover.swift; sourceTree = "<group>"; };
		38E0B2FC2815766E00B5992D /* PhoenixDocumentStore.swift */ = {isa = PBXFileReference; lastKnownFileType = sourcecode.swift; path = PhoenixDocumentStore.swift; sourceTree = "<group>"; };
		38E0B2FE2815CC7D00B5992D /* RemoteDependencyView.swift */ = {isa = PBXFileReference; lastKnownFileType = sourcecode.swift; path = RemoteDependencyView.swift; sourceTree = "<group>"; };
		38E2512A2837E163002FFA31 /* ViewModel.swift */ = {isa = PBXFileReference; fileEncoding = 4; lastKnownFileType = sourcecode.swift; path = ViewModel.swift; sourceTree = "<group>"; };
		38E2512E2837E508002FFA31 /* ComponentModuleTypeView.swift */ = {isa = PBXFileReference; lastKnownFileType = sourcecode.swift; path = ComponentModuleTypeView.swift; sourceTree = "<group>"; };
		38E251302837E96A002FFA31 /* PopoverView.swift */ = {isa = PBXFileReference; lastKnownFileType = sourcecode.swift; path = PopoverView.swift; sourceTree = "<group>"; };
		38E251322837EC73002FFA31 /* FilterView.swift */ = {isa = PBXFileReference; lastKnownFileType = sourcecode.swift; path = FilterView.swift; sourceTree = "<group>"; };
		38E251342837F58A002FFA31 /* LazySubmitTextField.swift */ = {isa = PBXFileReference; lastKnownFileType = sourcecode.swift; path = LazySubmitTextField.swift; sourceTree = "<group>"; };
		38E2513C28392CF9002FFA31 /* IdentifiableWithSubtype.swift */ = {isa = PBXFileReference; lastKnownFileType = sourcecode.swift; path = IdentifiableWithSubtype.swift; sourceTree = "<group>"; };
		38E2513E28392D18002FFA31 /* IdentifiableWithTitle.swift */ = {isa = PBXFileReference; lastKnownFileType = sourcecode.swift; path = IdentifiableWithTitle.swift; sourceTree = "<group>"; };
		B22AFDA228B9506000C471A4 /* DemoAppGeneratorContract */ = {isa = PBXFileReference; lastKnownFileType = wrapper; path = DemoAppGeneratorContract; sourceTree = "<group>"; };
		B22AFDA528B9507500C471A4 /* DemoAppGenerator */ = {isa = PBXFileReference; lastKnownFileType = wrapper; path = DemoAppGenerator; sourceTree = "<group>"; };
		B266B0B728BABF4600778F3A /* PackageGenerator */ = {isa = PBXFileReference; lastKnownFileType = wrapper; path = PackageGenerator; sourceTree = "<group>"; };
		B266B0B828BABF6000778F3A /* PackageGeneratorContract */ = {isa = PBXFileReference; lastKnownFileType = wrapper; path = PackageGeneratorContract; sourceTree = "<group>"; };
		B289460628BBA2B4002DB018 /* ComponentPackagesProviderContract */ = {isa = PBXFileReference; lastKnownFileType = wrapper; path = ComponentPackagesProviderContract; sourceTree = "<group>"; };
		B29DBFF328BAC0DF00E4A1BD /* PackageStringProvider */ = {isa = PBXFileReference; lastKnownFileType = wrapper; path = PackageStringProvider; sourceTree = "<group>"; };
		B29DBFF428BAC0EC00E4A1BD /* PackageStringProviderContract */ = {isa = PBXFileReference; lastKnownFileType = wrapper; path = PackageStringProviderContract; sourceTree = "<group>"; };
		B2A5359228B80CD6002AF707 /* Modules.ash */ = {isa = PBXFileReference; lastKnownFileType = wrapper; path = Modules.ash; sourceTree = "<group>"; };
		B2A5359428B80D38002AF707 /* RelativeURLProvider */ = {isa = PBXFileReference; lastKnownFileType = wrapper; path = RelativeURLProvider; sourceTree = "<group>"; };
		B2A5359528B80D46002AF707 /* RelativeURLProviderContract */ = {isa = PBXFileReference; lastKnownFileType = wrapper; path = RelativeURLProviderContract; sourceTree = "<group>"; };
		B2BDAE5828C118570036FA9D /* ComponentPackagesProvider */ = {isa = PBXFileReference; lastKnownFileType = wrapper; path = ComponentPackagesProvider; sourceTree = "<group>"; };
		B2CC2B5D28BB983D00848D93 /* PackagePathProviderContract */ = {isa = PBXFileReference; lastKnownFileType = wrapper; path = PackagePathProviderContract; sourceTree = "<group>"; };
		B2CC2B5E28BB984B00848D93 /* PackagePathProvider */ = {isa = PBXFileReference; lastKnownFileType = wrapper; path = PackagePathProvider; sourceTree = "<group>"; };
/* End PBXFileReference section */

/* Begin PBXFrameworksBuildPhase section */
		3873E59D2804C509000BCB03 /* Frameworks */ = {
			isa = PBXFrameworksBuildPhase;
			buildActionMask = 2147483647;
			files = (
				388B77F92857D4CE0038D4F4 /* DocumentCoder in Frameworks */,
				388B77F12857D2990038D4F4 /* PhoenixDocument in Frameworks */,
				B2BDAE5A28C11AF00036FA9D /* ComponentPackagesProvider in Frameworks */,
				B2BDAE5C28C11D4F0036FA9D /* PackagePathProvider in Frameworks */,
				B266B0B528BA8BF900778F3A /* RelativeURLProvider in Frameworks */,
				B2CC2B5A28BAC12200848D93 /* PackageGenerator in Frameworks */,
				386DD8BF289E9C0A00E800B9 /* Factory in Frameworks */,
				B2CC2B5C28BAC21900848D93 /* PackageStringProvider in Frameworks */,
				38BCCC9228549BAE00E928CA /* AppVersionProvider in Frameworks */,
				38C7D13B2808864700E2675B /* Package in Frameworks */,
				B22AFDA828B9528400C471A4 /* DemoAppGenerator in Frameworks */,
			);
			runOnlyForDeploymentPostprocessing = 0;
		};
		3873E5B12804C50A000BCB03 /* Frameworks */ = {
			isa = PBXFrameworksBuildPhase;
			buildActionMask = 2147483647;
			files = (
			);
			runOnlyForDeploymentPostprocessing = 0;
		};
/* End PBXFrameworksBuildPhase section */

/* Begin PBXGroup section */
		3873E5972804C509000BCB03 = {
			isa = PBXGroup;
			children = (
				38BA7BB32804C58E00BE3B9F /* Modules */,
				3873E5A22804C509000BCB03 /* Phoenix */,
				3873E5B72804C50A000BCB03 /* PhoenixTests */,
				3873E5A12804C509000BCB03 /* Products */,
				38C7D135280884B000E2675B /* Frameworks */,
			);
			sourceTree = "<group>";
		};
		3873E5A12804C509000BCB03 /* Products */ = {
			isa = PBXGroup;
			children = (
				3873E5A02804C509000BCB03 /* Phoenix.app */,
				3873E5B42804C50A000BCB03 /* PhoenixTests.xctest */,
			);
			name = Products;
			sourceTree = "<group>";
		};
		3873E5A22804C509000BCB03 /* Phoenix */ = {
			isa = PBXGroup;
			children = (
				3873E5A92804C50A000BCB03 /* Assets.xcassets */,
				38BCCC932854A0BA00E928CA /* CompositionRoot */,
				38E2513B28392CE1002FFA31 /* Data */,
				38E0B2FB2815765E00B5992D /* DataStore */,
				3873E5AE2804C50A000BCB03 /* Info.plist */,
				3873E5AF2804C50A000BCB03 /* Phoenix.entitlements */,
				3873E5A32804C509000BCB03 /* PhoenixApp.swift */,
				3873E5A52804C509000BCB03 /* PhoenixDocument+Extensions.swift */,
				3873E5AB2804C50A000BCB03 /* Preview Content */,
				38E2512A2837E163002FFA31 /* ViewModel.swift */,
				38C7D144280888E800E2675B /* Views */,
			);
			path = Phoenix;
			sourceTree = "<group>";
		};
		3873E5AB2804C50A000BCB03 /* Preview Content */ = {
			isa = PBXGroup;
			children = (
				3873E5AC2804C50A000BCB03 /* Preview Assets.xcassets */,
			);
			path = "Preview Content";
			sourceTree = "<group>";
		};
		3873E5B72804C50A000BCB03 /* PhoenixTests */ = {
			isa = PBXGroup;
			children = (
				38BCCC9E2854B7D800E928CA /* Files */,
				38BCCC9C2854B51700E928CA /* PhoenixDocumentParsingTests.swift */,
			);
			path = PhoenixTests;
			sourceTree = "<group>";
		};
		388B77F22857D46C0038D4F4 /* Coders */ = {
			isa = PBXGroup;
			children = (
				388B77F32857D46C0038D4F4 /* DocumentCoderContract */,
			);
			path = Coders;
			sourceTree = "<group>";
		};
		388B77F52857D4730038D4F4 /* Coders */ = {
			isa = PBXGroup;
			children = (
				388B77F62857D4730038D4F4 /* DocumentCoder */,
			);
			path = Coders;
			sourceTree = "<group>";
		};
		388DA8A4281862420066086A /* Reusable */ = {
			isa = PBXGroup;
			children = (
				388DA8A5281862630066086A /* CustomToggle.swift */,
				388DA8A7281863750066086A /* CustomMenu.swift */,
			);
			path = Reusable;
			sourceTree = "<group>";
		};
		38BA7BB32804C58E00BE3B9F /* Modules */ = {
			isa = PBXGroup;
			children = (
				388B77F52857D4730038D4F4 /* Coders */,
				38BCCC83285490E600E928CA /* Contracts */,
				38BA7BB42804C59500BE3B9F /* Entities */,
				B22AFDA428B9507500C471A4 /* Generators */,
				B2A5359228B80CD6002AF707 /* Modules.ash */,
				38BCCC86285490E600E928CA /* Providers */,
				38BDE16428665DAB00275947 /* Views */,
			);
			path = Modules;
			sourceTree = "<group>";
		};
		38BA7BB42804C59500BE3B9F /* Entities */ = {
			isa = PBXGroup;
			children = (
				38C7D13428087FA800E2675B /* Package */,
				388B77EF2857D2360038D4F4 /* PhoenixDocument */,
			);
			path = Entities;
			sourceTree = "<group>";
		};
		38BCCC83285490E600E928CA /* Contracts */ = {
			isa = PBXGroup;
			children = (
				388B77F22857D46C0038D4F4 /* Coders */,
				B22AFDA128B9506000C471A4 /* Generators */,
				38BCCC84285490E600E928CA /* Providers */,
			);
			path = Contracts;
			sourceTree = "<group>";
		};
		38BCCC84285490E600E928CA /* Providers */ = {
			isa = PBXGroup;
			children = (
				38BCCC85285490E600E928CA /* AppVersionProviderContract */,
				B289460628BBA2B4002DB018 /* ComponentPackagesProviderContract */,
				B2CC2B5D28BB983D00848D93 /* PackagePathProviderContract */,
				B29DBFF428BAC0EC00E4A1BD /* PackageStringProviderContract */,
				B2A5359528B80D46002AF707 /* RelativeURLProviderContract */,
			);
			path = Providers;
			sourceTree = "<group>";
		};
		38BCCC86285490E600E928CA /* Providers */ = {
			isa = PBXGroup;
			children = (
				38BCCC87285490E600E928CA /* AppVersionProvider */,
				B2BDAE5828C118570036FA9D /* ComponentPackagesProvider */,
				B2CC2B5E28BB984B00848D93 /* PackagePathProvider */,
				B29DBFF328BAC0DF00E4A1BD /* PackageStringProvider */,
				B2A5359428B80D38002AF707 /* RelativeURLProvider */,
			);
			path = Providers;
			sourceTree = "<group>";
		};
		38BCCC932854A0BA00E928CA /* CompositionRoot */ = {
			isa = PBXGroup;
			children = (
				38BCCC942854A0C000E928CA /* CompositionRoot.swift */,
			);
			path = CompositionRoot;
			sourceTree = "<group>";
		};
		38BCCC9E2854B7D800E928CA /* Files */ = {
			isa = PBXGroup;
			children = (
				38BCCC9F2854B7E300E928CA /* file_1_0_0.ash */,
			);
			path = Files;
			sourceTree = "<group>";
		};
		38BDE16428665DAB00275947 /* Views */ = {
			isa = PBXGroup;
			children = (
				38BDE16528665DBF00275947 /* DependencyGraphView */,
			);
			path = Views;
			sourceTree = "<group>";
		};
		38C7D135280884B000E2675B /* Frameworks */ = {
			isa = PBXGroup;
			children = (
			);
			name = Frameworks;
			sourceTree = "<group>";
		};
		38C7D144280888E800E2675B /* Views */ = {
			isa = PBXGroup;
			children = (
				388DA8A4281862420066086A /* Reusable */,
				38E0B2FE2815CC7D00B5992D /* RemoteDependencyView.swift */,
				3853D201283968E1005E2FAE /* RemoteDependencyFormView.swift */,
				38E251342837F58A002FFA31 /* LazySubmitTextField.swift */,
				38E0B2F92815702E00B5992D /* ComponentDependenciesPopover.swift */,
				3810D8CE28099B82006E7EE3 /* ComponentListItem.swift */,
				3810D8CC280990AF006E7EE3 /* ComponentsList.swift */,
				38E251322837EC73002FFA31 /* FilterView.swift */,
				3810D8CA2809811F006E7EE3 /* ComponentView.swift */,
				38E2512E2837E508002FFA31 /* ComponentModuleTypeView.swift */,
				381855752819CACD00BF6696 /* DynamicTextFieldList.swift */,
				3873E5A72804C509000BCB03 /* ContentView.swift */,
				3880FEE72842216800ED0110 /* ConfigurationView.swift */,
				3810D8DE280B4ADD006E7EE3 /* DependencyView.swift */,
				3810D8D22809C555006E7EE3 /* FamilyPopover.swift */,
				38C7D1482808B35300E2675B /* NewComponentPopover.swift */,
				38E251302837E96A002FFA31 /* PopoverView.swift */,
			);
			path = Views;
			sourceTree = "<group>";
		};
		38E0B2FB2815765E00B5992D /* DataStore */ = {
			isa = PBXGroup;
			children = (
				38E0B2FC2815766E00B5992D /* PhoenixDocumentStore.swift */,
			);
			path = DataStore;
			sourceTree = "<group>";
		};
		38E2513B28392CE1002FFA31 /* Data */ = {
			isa = PBXGroup;
			children = (
				38E2513C28392CF9002FFA31 /* IdentifiableWithSubtype.swift */,
				3853D1FF2839320B005E2FAE /* IdentifiableWithSubtypeAndValue.swift */,
				38E2513E28392D18002FFA31 /* IdentifiableWithTitle.swift */,
			);
			path = Data;
			sourceTree = "<group>";
		};
		B22AFDA128B9506000C471A4 /* Generators */ = {
			isa = PBXGroup;
			children = (
				B22AFDA228B9506000C471A4 /* DemoAppGeneratorContract */,
				B266B0B828BABF6000778F3A /* PackageGeneratorContract */,
			);
			path = Generators;
			sourceTree = "<group>";
		};
		B22AFDA428B9507500C471A4 /* Generators */ = {
			isa = PBXGroup;
			children = (
				B266B0B728BABF4600778F3A /* PackageGenerator */,
				B22AFDA528B9507500C471A4 /* DemoAppGenerator */,
			);
			path = Generators;
			sourceTree = "<group>";
		};
/* End PBXGroup section */

/* Begin PBXNativeTarget section */
		3873E59F2804C509000BCB03 /* Phoenix */ = {
			isa = PBXNativeTarget;
			buildConfigurationList = 3873E5C82804C50A000BCB03 /* Build configuration list for PBXNativeTarget "Phoenix" */;
			buildPhases = (
				3873E59C2804C509000BCB03 /* Sources */,
				3873E59D2804C509000BCB03 /* Frameworks */,
				3873E59E2804C509000BCB03 /* Resources */,
				38C7D139280884B000E2675B /* Embed Frameworks */,
			);
			buildRules = (
			);
			dependencies = (
			);
			name = Phoenix;
			packageProductDependencies = (
				38C7D13A2808864700E2675B /* Package */,
				38BCCC9128549BAE00E928CA /* AppVersionProvider */,
				388B77F02857D2990038D4F4 /* PhoenixDocument */,
				388B77F82857D4CE0038D4F4 /* DocumentCoder */,
				386DD8BE289E9C0A00E800B9 /* Factory */,
				B22AFDA728B9528400C471A4 /* DemoAppGenerator */,
				B266B0B428BA8BF900778F3A /* RelativeURLProvider */,
				B2CC2B5928BAC12200848D93 /* PackageGenerator */,
				B2CC2B5B28BAC21900848D93 /* PackageStringProvider */,
				B2BDAE5928C11AF00036FA9D /* ComponentPackagesProvider */,
				B2BDAE5B28C11D4F0036FA9D /* PackagePathProvider */,
			);
			productName = Phoenix;
			productReference = 3873E5A02804C509000BCB03 /* Phoenix.app */;
			productType = "com.apple.product-type.application";
		};
		3873E5B32804C50A000BCB03 /* PhoenixTests */ = {
			isa = PBXNativeTarget;
			buildConfigurationList = 3873E5CB2804C50A000BCB03 /* Build configuration list for PBXNativeTarget "PhoenixTests" */;
			buildPhases = (
				3873E5B02804C50A000BCB03 /* Sources */,
				3873E5B12804C50A000BCB03 /* Frameworks */,
				3873E5B22804C50A000BCB03 /* Resources */,
			);
			buildRules = (
			);
			dependencies = (
				3873E5B62804C50A000BCB03 /* PBXTargetDependency */,
			);
			name = PhoenixTests;
			productName = PhoenixTests;
			productReference = 3873E5B42804C50A000BCB03 /* PhoenixTests.xctest */;
			productType = "com.apple.product-type.bundle.unit-test";
		};
/* End PBXNativeTarget section */

/* Begin PBXProject section */
		3873E5982804C509000BCB03 /* Project object */ = {
			isa = PBXProject;
			attributes = {
				BuildIndependentTargetsInParallel = 1;
				LastSwiftUpdateCheck = 1330;
				LastUpgradeCheck = 1400;
				TargetAttributes = {
					3873E59F2804C509000BCB03 = {
						CreatedOnToolsVersion = 13.3;
					};
					3873E5B32804C50A000BCB03 = {
						CreatedOnToolsVersion = 13.3;
						LastSwiftMigration = 1340;
						TestTargetID = 3873E59F2804C509000BCB03;
					};
				};
			};
			buildConfigurationList = 3873E59B2804C509000BCB03 /* Build configuration list for PBXProject "Phoenix" */;
			compatibilityVersion = "Xcode 13.0";
			developmentRegion = en;
			hasScannedForEncodings = 0;
			knownRegions = (
				en,
				Base,
			);
			mainGroup = 3873E5972804C509000BCB03;
			packageReferences = (
				386DD8BD289E9C0A00E800B9 /* XCRemoteSwiftPackageReference "Factory" */,
			);
			productRefGroup = 3873E5A12804C509000BCB03 /* Products */;
			projectDirPath = "";
			projectRoot = "";
			targets = (
				3873E59F2804C509000BCB03 /* Phoenix */,
				3873E5B32804C50A000BCB03 /* PhoenixTests */,
			);
		};
/* End PBXProject section */

/* Begin PBXResourcesBuildPhase section */
		3873E59E2804C509000BCB03 /* Resources */ = {
			isa = PBXResourcesBuildPhase;
			buildActionMask = 2147483647;
			files = (
				388B77F42857D46C0038D4F4 /* DocumentCoderContract in Resources */,
				388B77F72857D4730038D4F4 /* DocumentCoder in Resources */,
				B22AFDA628B9507500C471A4 /* DemoAppGenerator in Resources */,
				B2A5359328B80CD6002AF707 /* Modules.ash in Resources */,
				B22AFDA328B9506000C471A4 /* DemoAppGeneratorContract in Resources */,
				3873E5AD2804C50A000BCB03 /* Preview Assets.xcassets in Resources */,
				38BCCC89285490E600E928CA /* AppVersionProviderContract in Resources */,
				38BCCC8A285490E600E928CA /* AppVersionProvider in Resources */,
				3873E5AA2804C50A000BCB03 /* Assets.xcassets in Resources */,
			);
			runOnlyForDeploymentPostprocessing = 0;
		};
		3873E5B22804C50A000BCB03 /* Resources */ = {
			isa = PBXResourcesBuildPhase;
			buildActionMask = 2147483647;
			files = (
				38BCCCA02854B7E300E928CA /* file_1_0_0.ash in Resources */,
			);
			runOnlyForDeploymentPostprocessing = 0;
		};
/* End PBXResourcesBuildPhase section */

/* Begin PBXSourcesBuildPhase section */
		3873E59C2804C509000BCB03 /* Sources */ = {
			isa = PBXSourcesBuildPhase;
			buildActionMask = 2147483647;
			files = (
				3853D2002839320B005E2FAE /* IdentifiableWithSubtypeAndValue.swift in Sources */,
				38E0B2FD2815766E00B5992D /* PhoenixDocumentStore.swift in Sources */,
				38E0B2FF2815CC7D00B5992D /* RemoteDependencyView.swift in Sources */,
				3880FEE82842216800ED0110 /* ConfigurationView.swift in Sources */,
				3810D8D32809C555006E7EE3 /* FamilyPopover.swift in Sources */,
				38E2512F2837E508002FFA31 /* ComponentModuleTypeView.swift in Sources */,
				388DA8A8281863750066086A /* CustomMenu.swift in Sources */,
				3810D8CF28099B82006E7EE3 /* ComponentListItem.swift in Sources */,
				3873E5A62804C509000BCB03 /* PhoenixDocument+Extensions.swift in Sources */,
				38E251332837EC73002FFA31 /* FilterView.swift in Sources */,
				3873E5A42804C509000BCB03 /* PhoenixApp.swift in Sources */,
				3810D8DF280B4ADD006E7EE3 /* DependencyView.swift in Sources */,
				3810D8CB2809811F006E7EE3 /* ComponentView.swift in Sources */,
				38E2512B2837E163002FFA31 /* ViewModel.swift in Sources */,
				388DA8A6281862630066086A /* CustomToggle.swift in Sources */,
				381855762819CACD00BF6696 /* DynamicTextFieldList.swift in Sources */,
				3873E5A82804C509000BCB03 /* ContentView.swift in Sources */,
				38E2513D28392CF9002FFA31 /* IdentifiableWithSubtype.swift in Sources */,
				38E0B2FA2815702E00B5992D /* ComponentDependenciesPopover.swift in Sources */,
				38C7D1492808B35300E2675B /* NewComponentPopover.swift in Sources */,
				38E251312837E96A002FFA31 /* PopoverView.swift in Sources */,
				3810D8CD280990AF006E7EE3 /* ComponentsList.swift in Sources */,
				38E2513F28392D18002FFA31 /* IdentifiableWithTitle.swift in Sources */,
				38BCCC952854A0C000E928CA /* CompositionRoot.swift in Sources */,
				3853D202283968E1005E2FAE /* RemoteDependencyFormView.swift in Sources */,
				38E251352837F58A002FFA31 /* LazySubmitTextField.swift in Sources */,
			);
			runOnlyForDeploymentPostprocessing = 0;
		};
		3873E5B02804C50A000BCB03 /* Sources */ = {
			isa = PBXSourcesBuildPhase;
			buildActionMask = 2147483647;
			files = (
				38BCCC9D2854B51700E928CA /* PhoenixDocumentParsingTests.swift in Sources */,
			);
			runOnlyForDeploymentPostprocessing = 0;
		};
/* End PBXSourcesBuildPhase section */

/* Begin PBXTargetDependency section */
		3873E5B62804C50A000BCB03 /* PBXTargetDependency */ = {
			isa = PBXTargetDependency;
			target = 3873E59F2804C509000BCB03 /* Phoenix */;
			targetProxy = 3873E5B52804C50A000BCB03 /* PBXContainerItemProxy */;
		};
/* End PBXTargetDependency section */

/* Begin XCBuildConfiguration section */
		3873E5C62804C50A000BCB03 /* Debug */ = {
			isa = XCBuildConfiguration;
			buildSettings = {
				ALWAYS_SEARCH_USER_PATHS = NO;
				CLANG_ANALYZER_NONNULL = YES;
				CLANG_ANALYZER_NUMBER_OBJECT_CONVERSION = YES_AGGRESSIVE;
				CLANG_CXX_LANGUAGE_STANDARD = "gnu++17";
				CLANG_ENABLE_MODULES = YES;
				CLANG_ENABLE_OBJC_ARC = YES;
				CLANG_ENABLE_OBJC_WEAK = YES;
				CLANG_WARN_BLOCK_CAPTURE_AUTORELEASING = YES;
				CLANG_WARN_BOOL_CONVERSION = YES;
				CLANG_WARN_COMMA = YES;
				CLANG_WARN_CONSTANT_CONVERSION = YES;
				CLANG_WARN_DEPRECATED_OBJC_IMPLEMENTATIONS = YES;
				CLANG_WARN_DIRECT_OBJC_ISA_USAGE = YES_ERROR;
				CLANG_WARN_DOCUMENTATION_COMMENTS = YES;
				CLANG_WARN_EMPTY_BODY = YES;
				CLANG_WARN_ENUM_CONVERSION = YES;
				CLANG_WARN_INFINITE_RECURSION = YES;
				CLANG_WARN_INT_CONVERSION = YES;
				CLANG_WARN_NON_LITERAL_NULL_CONVERSION = YES;
				CLANG_WARN_OBJC_IMPLICIT_RETAIN_SELF = YES;
				CLANG_WARN_OBJC_LITERAL_CONVERSION = YES;
				CLANG_WARN_OBJC_ROOT_CLASS = YES_ERROR;
				CLANG_WARN_QUOTED_INCLUDE_IN_FRAMEWORK_HEADER = YES;
				CLANG_WARN_RANGE_LOOP_ANALYSIS = YES;
				CLANG_WARN_STRICT_PROTOTYPES = YES;
				CLANG_WARN_SUSPICIOUS_MOVE = YES;
				CLANG_WARN_UNGUARDED_AVAILABILITY = YES_AGGRESSIVE;
				CLANG_WARN_UNREACHABLE_CODE = YES;
				CLANG_WARN__DUPLICATE_METHOD_MATCH = YES;
				COPY_PHASE_STRIP = NO;
				DEAD_CODE_STRIPPING = YES;
				DEBUG_INFORMATION_FORMAT = dwarf;
				ENABLE_STRICT_OBJC_MSGSEND = YES;
				ENABLE_TESTABILITY = YES;
				GCC_C_LANGUAGE_STANDARD = gnu11;
				GCC_DYNAMIC_NO_PIC = NO;
				GCC_NO_COMMON_BLOCKS = YES;
				GCC_OPTIMIZATION_LEVEL = 0;
				GCC_PREPROCESSOR_DEFINITIONS = (
					"DEBUG=1",
					"$(inherited)",
				);
				GCC_WARN_64_TO_32_BIT_CONVERSION = YES;
				GCC_WARN_ABOUT_RETURN_TYPE = YES_ERROR;
				GCC_WARN_UNDECLARED_SELECTOR = YES;
				GCC_WARN_UNINITIALIZED_AUTOS = YES_AGGRESSIVE;
				GCC_WARN_UNUSED_FUNCTION = YES;
				GCC_WARN_UNUSED_VARIABLE = YES;
				MACOSX_DEPLOYMENT_TARGET = 12.3;
				MTL_ENABLE_DEBUG_INFO = INCLUDE_SOURCE;
				MTL_FAST_MATH = YES;
				ONLY_ACTIVE_ARCH = YES;
				SDKROOT = macosx;
				SWIFT_ACTIVE_COMPILATION_CONDITIONS = DEBUG;
				SWIFT_OPTIMIZATION_LEVEL = "-Onone";
			};
			name = Debug;
		};
		3873E5C72804C50A000BCB03 /* Release */ = {
			isa = XCBuildConfiguration;
			buildSettings = {
				ALWAYS_SEARCH_USER_PATHS = NO;
				CLANG_ANALYZER_NONNULL = YES;
				CLANG_ANALYZER_NUMBER_OBJECT_CONVERSION = YES_AGGRESSIVE;
				CLANG_CXX_LANGUAGE_STANDARD = "gnu++17";
				CLANG_ENABLE_MODULES = YES;
				CLANG_ENABLE_OBJC_ARC = YES;
				CLANG_ENABLE_OBJC_WEAK = YES;
				CLANG_WARN_BLOCK_CAPTURE_AUTORELEASING = YES;
				CLANG_WARN_BOOL_CONVERSION = YES;
				CLANG_WARN_COMMA = YES;
				CLANG_WARN_CONSTANT_CONVERSION = YES;
				CLANG_WARN_DEPRECATED_OBJC_IMPLEMENTATIONS = YES;
				CLANG_WARN_DIRECT_OBJC_ISA_USAGE = YES_ERROR;
				CLANG_WARN_DOCUMENTATION_COMMENTS = YES;
				CLANG_WARN_EMPTY_BODY = YES;
				CLANG_WARN_ENUM_CONVERSION = YES;
				CLANG_WARN_INFINITE_RECURSION = YES;
				CLANG_WARN_INT_CONVERSION = YES;
				CLANG_WARN_NON_LITERAL_NULL_CONVERSION = YES;
				CLANG_WARN_OBJC_IMPLICIT_RETAIN_SELF = YES;
				CLANG_WARN_OBJC_LITERAL_CONVERSION = YES;
				CLANG_WARN_OBJC_ROOT_CLASS = YES_ERROR;
				CLANG_WARN_QUOTED_INCLUDE_IN_FRAMEWORK_HEADER = YES;
				CLANG_WARN_RANGE_LOOP_ANALYSIS = YES;
				CLANG_WARN_STRICT_PROTOTYPES = YES;
				CLANG_WARN_SUSPICIOUS_MOVE = YES;
				CLANG_WARN_UNGUARDED_AVAILABILITY = YES_AGGRESSIVE;
				CLANG_WARN_UNREACHABLE_CODE = YES;
				CLANG_WARN__DUPLICATE_METHOD_MATCH = YES;
				COPY_PHASE_STRIP = NO;
				DEAD_CODE_STRIPPING = YES;
				DEBUG_INFORMATION_FORMAT = "dwarf-with-dsym";
				ENABLE_NS_ASSERTIONS = NO;
				ENABLE_STRICT_OBJC_MSGSEND = YES;
				GCC_C_LANGUAGE_STANDARD = gnu11;
				GCC_NO_COMMON_BLOCKS = YES;
				GCC_WARN_64_TO_32_BIT_CONVERSION = YES;
				GCC_WARN_ABOUT_RETURN_TYPE = YES_ERROR;
				GCC_WARN_UNDECLARED_SELECTOR = YES;
				GCC_WARN_UNINITIALIZED_AUTOS = YES_AGGRESSIVE;
				GCC_WARN_UNUSED_FUNCTION = YES;
				GCC_WARN_UNUSED_VARIABLE = YES;
				MACOSX_DEPLOYMENT_TARGET = 12.3;
				MTL_ENABLE_DEBUG_INFO = NO;
				MTL_FAST_MATH = YES;
				SDKROOT = macosx;
				SWIFT_COMPILATION_MODE = wholemodule;
				SWIFT_OPTIMIZATION_LEVEL = "-O";
			};
			name = Release;
		};
		3873E5C92804C50A000BCB03 /* Debug */ = {
			isa = XCBuildConfiguration;
			buildSettings = {
				ALWAYS_EMBED_SWIFT_STANDARD_LIBRARIES = YES;
				ASSETCATALOG_COMPILER_APPICON_NAME = AppIcon;
				ASSETCATALOG_COMPILER_GLOBAL_ACCENT_COLOR_NAME = AccentColor;
				ASSETCATALOG_COMPILER_INCLUDE_ALL_APPICON_ASSETS = YES;
				CODE_SIGN_ENTITLEMENTS = Phoenix/Phoenix.entitlements;
				CODE_SIGN_IDENTITY = "-";
				CODE_SIGN_STYLE = Automatic;
				COMBINE_HIDPI_IMAGES = YES;
				CURRENT_PROJECT_VERSION = 10;
				DEAD_CODE_STRIPPING = YES;
				DEVELOPMENT_ASSET_PATHS = "\"Phoenix/Preview Content\"";
				DEVELOPMENT_TEAM = DWW2N9PN49;
				ENABLE_HARDENED_RUNTIME = YES;
				ENABLE_PREVIEWS = YES;
				GENERATE_INFOPLIST_FILE = YES;
				INFOPLIST_FILE = Phoenix/Info.plist;
				INFOPLIST_KEY_CFBundleDisplayName = Phoenix;
				INFOPLIST_KEY_LSApplicationCategoryType = "public.app-category.developer-tools";
				INFOPLIST_KEY_NSHumanReadableCopyright = "";
				LD_RUNPATH_SEARCH_PATHS = (
					"$(inherited)",
					"@executable_path/../Frameworks",
				);
				MARKETING_VERSION = 1.3;
				PRODUCT_BUNDLE_IDENTIFIER = com.tawanicolas.phoenix;
				PRODUCT_NAME = "$(TARGET_NAME)";
				SWIFT_EMIT_LOC_STRINGS = YES;
				SWIFT_VERSION = 5.0;
			};
			name = Debug;
		};
		3873E5CA2804C50A000BCB03 /* Release */ = {
			isa = XCBuildConfiguration;
			buildSettings = {
				ALWAYS_EMBED_SWIFT_STANDARD_LIBRARIES = YES;
				ASSETCATALOG_COMPILER_APPICON_NAME = AppIcon;
				ASSETCATALOG_COMPILER_GLOBAL_ACCENT_COLOR_NAME = AccentColor;
				ASSETCATALOG_COMPILER_INCLUDE_ALL_APPICON_ASSETS = YES;
				CODE_SIGN_ENTITLEMENTS = Phoenix/Phoenix.entitlements;
				CODE_SIGN_IDENTITY = "-";
				CODE_SIGN_STYLE = Automatic;
				COMBINE_HIDPI_IMAGES = YES;
				CURRENT_PROJECT_VERSION = 10;
				DEAD_CODE_STRIPPING = YES;
				DEVELOPMENT_ASSET_PATHS = "\"Phoenix/Preview Content\"";
				DEVELOPMENT_TEAM = DWW2N9PN49;
				ENABLE_HARDENED_RUNTIME = YES;
				ENABLE_PREVIEWS = YES;
				GENERATE_INFOPLIST_FILE = YES;
				INFOPLIST_FILE = Phoenix/Info.plist;
				INFOPLIST_KEY_CFBundleDisplayName = Phoenix;
				INFOPLIST_KEY_LSApplicationCategoryType = "public.app-category.developer-tools";
				INFOPLIST_KEY_NSHumanReadableCopyright = "";
				LD_RUNPATH_SEARCH_PATHS = (
					"$(inherited)",
					"@executable_path/../Frameworks",
				);
				MARKETING_VERSION = 1.3;
				PRODUCT_BUNDLE_IDENTIFIER = com.tawanicolas.phoenix;
				PRODUCT_NAME = "$(TARGET_NAME)";
				SWIFT_EMIT_LOC_STRINGS = YES;
				SWIFT_VERSION = 5.0;
			};
			name = Release;
		};
		3873E5CC2804C50A000BCB03 /* Debug */ = {
			isa = XCBuildConfiguration;
			buildSettings = {
				ALWAYS_EMBED_SWIFT_STANDARD_LIBRARIES = YES;
				ASSETCATALOG_COMPILER_APPICON_NAME = AppIcon;
				CLANG_ENABLE_MODULES = YES;
				CODE_SIGN_STYLE = Automatic;
				CURRENT_PROJECT_VERSION = 9;
				DEAD_CODE_STRIPPING = YES;
				DEVELOPMENT_TEAM = DWW2N9PN49;
				ENABLE_HARDENED_RUNTIME = YES;
				GENERATE_INFOPLIST_FILE = YES;
				INFOPLIST_KEY_CFBundleDisplayName = Phoenix;
				LD_RUNPATH_SEARCH_PATHS = (
					"$(inherited)",
					"@executable_path/../Frameworks",
					"@loader_path/../Frameworks",
				);
				MACOSX_DEPLOYMENT_TARGET = 12.3;
				MARKETING_VERSION = 1.0.7;
				PRODUCT_BUNDLE_IDENTIFIER = com.tawanicolas.PhoenixTests;
				PRODUCT_NAME = "$(TARGET_NAME)";
				SWIFT_EMIT_LOC_STRINGS = NO;
				SWIFT_OPTIMIZATION_LEVEL = "-Onone";
				SWIFT_VERSION = 5.0;
				TEST_HOST = "$(BUNDLE_LOADER)";
			};
			name = Debug;
		};
		3873E5CD2804C50A000BCB03 /* Release */ = {
			isa = XCBuildConfiguration;
			buildSettings = {
				ALWAYS_EMBED_SWIFT_STANDARD_LIBRARIES = YES;
				ASSETCATALOG_COMPILER_APPICON_NAME = AppIcon;
				CLANG_ENABLE_MODULES = YES;
				CODE_SIGN_STYLE = Automatic;
				CURRENT_PROJECT_VERSION = 9;
				DEAD_CODE_STRIPPING = YES;
				DEVELOPMENT_TEAM = DWW2N9PN49;
				ENABLE_HARDENED_RUNTIME = YES;
				GENERATE_INFOPLIST_FILE = YES;
				INFOPLIST_KEY_CFBundleDisplayName = Phoenix;
				LD_RUNPATH_SEARCH_PATHS = (
					"$(inherited)",
					"@executable_path/../Frameworks",
					"@loader_path/../Frameworks",
				);
				MACOSX_DEPLOYMENT_TARGET = 12.3;
				MARKETING_VERSION = 1.0.7;
				PRODUCT_BUNDLE_IDENTIFIER = com.tawanicolas.PhoenixTests;
				PRODUCT_NAME = "$(TARGET_NAME)";
				SWIFT_EMIT_LOC_STRINGS = NO;
				SWIFT_VERSION = 5.0;
				TEST_HOST = "$(BUNDLE_LOADER)";
			};
			name = Release;
		};
/* End XCBuildConfiguration section */

/* Begin XCConfigurationList section */
		3873E59B2804C509000BCB03 /* Build configuration list for PBXProject "Phoenix" */ = {
			isa = XCConfigurationList;
			buildConfigurations = (
				3873E5C62804C50A000BCB03 /* Debug */,
				3873E5C72804C50A000BCB03 /* Release */,
			);
			defaultConfigurationIsVisible = 0;
			defaultConfigurationName = Release;
		};
		3873E5C82804C50A000BCB03 /* Build configuration list for PBXNativeTarget "Phoenix" */ = {
			isa = XCConfigurationList;
			buildConfigurations = (
				3873E5C92804C50A000BCB03 /* Debug */,
				3873E5CA2804C50A000BCB03 /* Release */,
			);
			defaultConfigurationIsVisible = 0;
			defaultConfigurationName = Release;
		};
		3873E5CB2804C50A000BCB03 /* Build configuration list for PBXNativeTarget "PhoenixTests" */ = {
			isa = XCConfigurationList;
			buildConfigurations = (
				3873E5CC2804C50A000BCB03 /* Debug */,
				3873E5CD2804C50A000BCB03 /* Release */,
			);
			defaultConfigurationIsVisible = 0;
			defaultConfigurationName = Release;
		};
/* End XCConfigurationList section */

/* Begin XCRemoteSwiftPackageReference section */
		386DD8BD289E9C0A00E800B9 /* XCRemoteSwiftPackageReference "Factory" */ = {
			isa = XCRemoteSwiftPackageReference;
			repositoryURL = "https://github.com/hmlongco/Factory";
			requirement = {
				kind = upToNextMajorVersion;
				minimumVersion = 1.0.0;
			};
		};
/* End XCRemoteSwiftPackageReference section */

/* Begin XCSwiftPackageProductDependency section */
		386DD8BE289E9C0A00E800B9 /* Factory */ = {
			isa = XCSwiftPackageProductDependency;
			package = 386DD8BD289E9C0A00E800B9 /* XCRemoteSwiftPackageReference "Factory" */;
			productName = Factory;
		};
		388B77F02857D2990038D4F4 /* PhoenixDocument */ = {
			isa = XCSwiftPackageProductDependency;
			productName = PhoenixDocument;
		};
		388B77F82857D4CE0038D4F4 /* DocumentCoder */ = {
			isa = XCSwiftPackageProductDependency;
			productName = DocumentCoder;
		};
		38BCCC9128549BAE00E928CA /* AppVersionProvider */ = {
			isa = XCSwiftPackageProductDependency;
			productName = AppVersionProvider;
		};
		38C7D13A2808864700E2675B /* Package */ = {
			isa = XCSwiftPackageProductDependency;
			productName = Package;
		};
		B22AFDA728B9528400C471A4 /* DemoAppGenerator */ = {
			isa = XCSwiftPackageProductDependency;
			productName = DemoAppGenerator;
		};
		B266B0B428BA8BF900778F3A /* RelativeURLProvider */ = {
			isa = XCSwiftPackageProductDependency;
			productName = RelativeURLProvider;
		};
		B2BDAE5928C11AF00036FA9D /* ComponentPackagesProvider */ = {
			isa = XCSwiftPackageProductDependency;
			productName = ComponentPackagesProvider;
		};
		B2BDAE5B28C11D4F0036FA9D /* PackagePathProvider */ = {
			isa = XCSwiftPackageProductDependency;
			productName = PackagePathProvider;
		};
		B2CC2B5928BAC12200848D93 /* PackageGenerator */ = {
			isa = XCSwiftPackageProductDependency;
			productName = PackageGenerator;
		};
		B2CC2B5B28BAC21900848D93 /* PackageStringProvider */ = {
			isa = XCSwiftPackageProductDependency;
			productName = PackageStringProvider;
		};
/* End XCSwiftPackageProductDependency section */
	};
	rootObject = 3873E5982804C509000BCB03 /* Project object */;
}
